// !$*UTF8*$!
{
	archiveVersion = 1;
	classes = {
	};
	objectVersion = 46;
	objects = {

/* Begin PBXBuildFile section */
		1034061814C425BE0049DE5D /* AddScheduleViewController.m in Sources */ = {isa = PBXBuildFile; fileRef = 1034061614C425BE0049DE5D /* AddScheduleViewController.m */; };
		1034061914C425BE0049DE5D /* AddScheduleViewController.xib in Resources */ = {isa = PBXBuildFile; fileRef = 1034061714C425BE0049DE5D /* AddScheduleViewController.xib */; };
		1034062114C425ED0049DE5D /* EditableCell.xib in Resources */ = {isa = PBXBuildFile; fileRef = 1034061B14C425ED0049DE5D /* EditableCell.xib */; };
		1034062214C425ED0049DE5D /* EditableCell.m in Sources */ = {isa = PBXBuildFile; fileRef = 1034061D14C425ED0049DE5D /* EditableCell.m */; };
		1034062314C425ED0049DE5D /* DoubleRowCell.xib in Resources */ = {isa = PBXBuildFile; fileRef = 1034061E14C425ED0049DE5D /* DoubleRowCell.xib */; };
		1034062414C425ED0049DE5D /* DoubleRowCell.m in Sources */ = {isa = PBXBuildFile; fileRef = 1034062014C425ED0049DE5D /* DoubleRowCell.m */; };
		1034062814C426C20049DE5D /* WorkTImeDecideViewController.xib in Resources */ = {isa = PBXBuildFile; fileRef = 1034062514C426C20049DE5D /* WorkTImeDecideViewController.xib */; };
		1034062914C426C20049DE5D /* WorkTImeDecideViewController.m in Sources */ = {isa = PBXBuildFile; fileRef = 1034062714C426C20049DE5D /* WorkTImeDecideViewController.m */; };
		112079A214BB291B008B2E86 /* EventKit.framework in Frameworks */ = {isa = PBXBuildFile; fileRef = 112079A114BB291B008B2E86 /* EventKit.framework */; };
		1144E90B14AB2225004017D2 /* TapkuLibrary.bundle in Resources */ = {isa = PBXBuildFile; fileRef = 1144E90A14AB2225004017D2 /* TapkuLibrary.bundle */; };
		1144E90E14AB22EE004017D2 /* libTapkuLibrary.a in Frameworks */ = {isa = PBXBuildFile; fileRef = 1144E90714AB221C004017D2 /* libTapkuLibrary.a */; };
		1144E91114AB2306004017D2 /* MapKit.framework in Frameworks */ = {isa = PBXBuildFile; fileRef = 1144E90F14AB2306004017D2 /* MapKit.framework */; };
		1144E91214AB2306004017D2 /* QuartzCore.framework in Frameworks */ = {isa = PBXBuildFile; fileRef = 1144E91014AB2306004017D2 /* QuartzCore.framework */; };
		1181DF1B14AB17F9001E7780 /* UIKit.framework in Frameworks */ = {isa = PBXBuildFile; fileRef = 1181DF1A14AB17F9001E7780 /* UIKit.framework */; };
		1181DF1D14AB17F9001E7780 /* Foundation.framework in Frameworks */ = {isa = PBXBuildFile; fileRef = 1181DF1C14AB17F9001E7780 /* Foundation.framework */; };
		1181DF1F14AB17F9001E7780 /* CoreGraphics.framework in Frameworks */ = {isa = PBXBuildFile; fileRef = 1181DF1E14AB17F9001E7780 /* CoreGraphics.framework */; };
		1181DF2514AB17F9001E7780 /* InfoPlist.strings in Resources */ = {isa = PBXBuildFile; fileRef = 1181DF2314AB17F9001E7780 /* InfoPlist.strings */; };
		1181DF2714AB17F9001E7780 /* main.m in Sources */ = {isa = PBXBuildFile; fileRef = 1181DF2614AB17F9001E7780 /* main.m */; };
		1181DF2B14AB17F9001E7780 /* SisSisAppDelegate.m in Sources */ = {isa = PBXBuildFile; fileRef = 1181DF2A14AB17F9001E7780 /* SisSisAppDelegate.m */; };
		1181DF2E14AB17F9001E7780 /* MainWindow.xib in Resources */ = {isa = PBXBuildFile; fileRef = 1181DF2C14AB17F9001E7780 /* MainWindow.xib */; };
		1181DF3114AB17F9001E7780 /* SisSisViewController.m in Sources */ = {isa = PBXBuildFile; fileRef = 1181DF3014AB17F9001E7780 /* SisSisViewController.m */; };
		1181DF3C14AB17F9001E7780 /* SenTestingKit.framework in Frameworks */ = {isa = PBXBuildFile; fileRef = 1181DF3B14AB17F9001E7780 /* SenTestingKit.framework */; };
		1181DF3D14AB17F9001E7780 /* UIKit.framework in Frameworks */ = {isa = PBXBuildFile; fileRef = 1181DF1A14AB17F9001E7780 /* UIKit.framework */; };
		1181DF3E14AB17F9001E7780 /* Foundation.framework in Frameworks */ = {isa = PBXBuildFile; fileRef = 1181DF1C14AB17F9001E7780 /* Foundation.framework */; };
		1181DF3F14AB17F9001E7780 /* CoreGraphics.framework in Frameworks */ = {isa = PBXBuildFile; fileRef = 1181DF1E14AB17F9001E7780 /* CoreGraphics.framework */; };
		1181DF4714AB17FA001E7780 /* InfoPlist.strings in Resources */ = {isa = PBXBuildFile; fileRef = 1181DF4514AB17FA001E7780 /* InfoPlist.strings */; };
		1181DF4914AB17FA001E7780 /* SisSisTests.h in Resources */ = {isa = PBXBuildFile; fileRef = 1181DF4814AB17FA001E7780 /* SisSisTests.h */; };
		1181DF4B14AB17FA001E7780 /* SisSisTests.m in Sources */ = {isa = PBXBuildFile; fileRef = 1181DF4A14AB17FA001E7780 /* SisSisTests.m */; };
		11EBFFE514B4985B00C93D06 /* SisSisViewController.xib in Resources */ = {isa = PBXBuildFile; fileRef = 11EBFFE414B4985B00C93D06 /* SisSisViewController.xib */; };
/* End PBXBuildFile section */

/* Begin PBXContainerItemProxy section */
		1144E90614AB221C004017D2 /* PBXContainerItemProxy */ = {
			isa = PBXContainerItemProxy;
			containerPortal = 1144E8FE14AB221C004017D2 /* TapkuLibrary.xcodeproj */;
			proxyType = 2;
			remoteGlobalIDString = D2AAC07E0554694100DB518D;
			remoteInfo = TapkuLibrary;
		};
		1144E90814AB221C004017D2 /* PBXContainerItemProxy */ = {
			isa = PBXContainerItemProxy;
			containerPortal = 1144E8FE14AB221C004017D2 /* TapkuLibrary.xcodeproj */;
			proxyType = 2;
			remoteGlobalIDString = 3B45DDF1134C736600D24C1A;
			remoteInfo = LogicTests;
		};
		1144E90C14AB22DF004017D2 /* PBXContainerItemProxy */ = {
			isa = PBXContainerItemProxy;
			containerPortal = 1144E8FE14AB221C004017D2 /* TapkuLibrary.xcodeproj */;
			proxyType = 1;
			remoteGlobalIDString = D2AAC07D0554694100DB518D;
			remoteInfo = TapkuLibrary;
		};
		1181DF4014AB17F9001E7780 /* PBXContainerItemProxy */ = {
			isa = PBXContainerItemProxy;
			containerPortal = 1181DF0D14AB17F9001E7780 /* Project object */;
			proxyType = 1;
			remoteGlobalIDString = 1181DF1514AB17F9001E7780;
			remoteInfo = SisSis;
		};
/* End PBXContainerItemProxy section */

/* Begin PBXFileReference section */
		1034061514C425BE0049DE5D /* AddScheduleViewController.h */ = {isa = PBXFileReference; fileEncoding = 4; lastKnownFileType = sourcecode.c.h; path = AddScheduleViewController.h; sourceTree = "<group>"; };
		1034061614C425BE0049DE5D /* AddScheduleViewController.m */ = {isa = PBXFileReference; fileEncoding = 4; lastKnownFileType = sourcecode.c.objc; path = AddScheduleViewController.m; sourceTree = "<group>"; };
		1034061714C425BE0049DE5D /* AddScheduleViewController.xib */ = {isa = PBXFileReference; fileEncoding = 4; lastKnownFileType = file.xib; path = AddScheduleViewController.xib; sourceTree = "<group>"; };
		1034061B14C425ED0049DE5D /* EditableCell.xib */ = {isa = PBXFileReference; fileEncoding = 4; lastKnownFileType = file.xib; path = EditableCell.xib; sourceTree = "<group>"; };
		1034061C14C425ED0049DE5D /* EditableCell.h */ = {isa = PBXFileReference; fileEncoding = 4; lastKnownFileType = sourcecode.c.h; path = EditableCell.h; sourceTree = "<group>"; };
		1034061D14C425ED0049DE5D /* EditableCell.m */ = {isa = PBXFileReference; fileEncoding = 4; lastKnownFileType = sourcecode.c.objc; path = EditableCell.m; sourceTree = "<group>"; };
		1034061E14C425ED0049DE5D /* DoubleRowCell.xib */ = {isa = PBXFileReference; fileEncoding = 4; lastKnownFileType = file.xib; path = DoubleRowCell.xib; sourceTree = "<group>"; };
		1034061F14C425ED0049DE5D /* DoubleRowCell.h */ = {isa = PBXFileReference; fileEncoding = 4; lastKnownFileType = sourcecode.c.h; path = DoubleRowCell.h; sourceTree = "<group>"; };
		1034062014C425ED0049DE5D /* DoubleRowCell.m */ = {isa = PBXFileReference; fileEncoding = 4; lastKnownFileType = sourcecode.c.objc; path = DoubleRowCell.m; sourceTree = "<group>"; };
		1034062514C426C20049DE5D /* WorkTImeDecideViewController.xib */ = {isa = PBXFileReference; fileEncoding = 4; lastKnownFileType = file.xib; path = WorkTImeDecideViewController.xib; sourceTree = "<group>"; };
		1034062614C426C20049DE5D /* WorkTImeDecideViewController.h */ = {isa = PBXFileReference; fileEncoding = 4; lastKnownFileType = sourcecode.c.h; path = WorkTImeDecideViewController.h; sourceTree = "<group>"; };
		1034062714C426C20049DE5D /* WorkTImeDecideViewController.m */ = {isa = PBXFileReference; fileEncoding = 4; lastKnownFileType = sourcecode.c.objc; path = WorkTImeDecideViewController.m; sourceTree = "<group>"; };
		112079A114BB291B008B2E86 /* EventKit.framework */ = {isa = PBXFileReference; lastKnownFileType = wrapper.framework; name = EventKit.framework; path = System/Library/Frameworks/EventKit.framework; sourceTree = SDKROOT; };
		1144E8FE14AB221C004017D2 /* TapkuLibrary.xcodeproj */ = {isa = PBXFileReference; lastKnownFileType = "wrapper.pb-project"; name = TapkuLibrary.xcodeproj; path = Libraries/TapkuLibrary/src/TapkuLibrary.xcodeproj; sourceTree = "<group>"; };
		1144E90A14AB2225004017D2 /* TapkuLibrary.bundle */ = {isa = PBXFileReference; lastKnownFileType = "wrapper.plug-in"; name = TapkuLibrary.bundle; path = Libraries/TapkuLibrary/src/TapkuLibrary.bundle; sourceTree = "<group>"; };
		1144E90F14AB2306004017D2 /* MapKit.framework */ = {isa = PBXFileReference; lastKnownFileType = wrapper.framework; name = MapKit.framework; path = System/Library/Frameworks/MapKit.framework; sourceTree = SDKROOT; };
		1144E91014AB2306004017D2 /* QuartzCore.framework */ = {isa = PBXFileReference; lastKnownFileType = wrapper.framework; name = QuartzCore.framework; path = System/Library/Frameworks/QuartzCore.framework; sourceTree = SDKROOT; };
		1181DF1614AB17F9001E7780 /* SisSis.app */ = {isa = PBXFileReference; explicitFileType = wrapper.application; includeInIndex = 0; path = SisSis.app; sourceTree = BUILT_PRODUCTS_DIR; };
		1181DF1A14AB17F9001E7780 /* UIKit.framework */ = {isa = PBXFileReference; lastKnownFileType = wrapper.framework; name = UIKit.framework; path = System/Library/Frameworks/UIKit.framework; sourceTree = SDKROOT; };
		1181DF1C14AB17F9001E7780 /* Foundation.framework */ = {isa = PBXFileReference; lastKnownFileType = wrapper.framework; name = Foundation.framework; path = System/Library/Frameworks/Foundation.framework; sourceTree = SDKROOT; };
		1181DF1E14AB17F9001E7780 /* CoreGraphics.framework */ = {isa = PBXFileReference; lastKnownFileType = wrapper.framework; name = CoreGraphics.framework; path = System/Library/Frameworks/CoreGraphics.framework; sourceTree = SDKROOT; };
		1181DF2214AB17F9001E7780 /* SisSis-Info.plist */ = {isa = PBXFileReference; lastKnownFileType = text.plist.xml; path = "SisSis-Info.plist"; sourceTree = "<group>"; };
		1181DF2414AB17F9001E7780 /* en */ = {isa = PBXFileReference; lastKnownFileType = text.plist.strings; name = en; path = en.lproj/InfoPlist.strings; sourceTree = "<group>"; };
		1181DF2614AB17F9001E7780 /* main.m */ = {isa = PBXFileReference; lastKnownFileType = sourcecode.c.objc; path = main.m; sourceTree = "<group>"; };
		1181DF2814AB17F9001E7780 /* SisSis-Prefix.pch */ = {isa = PBXFileReference; lastKnownFileType = sourcecode.c.h; path = "SisSis-Prefix.pch"; sourceTree = "<group>"; };
		1181DF2914AB17F9001E7780 /* SisSisAppDelegate.h */ = {isa = PBXFileReference; lastKnownFileType = sourcecode.c.h; path = SisSisAppDelegate.h; sourceTree = "<group>"; };
		1181DF2A14AB17F9001E7780 /* SisSisAppDelegate.m */ = {isa = PBXFileReference; lastKnownFileType = sourcecode.c.objc; path = SisSisAppDelegate.m; sourceTree = "<group>"; };
		1181DF2D14AB17F9001E7780 /* en */ = {isa = PBXFileReference; lastKnownFileType = file.xib; name = en; path = en.lproj/MainWindow.xib; sourceTree = "<group>"; };
		1181DF2F14AB17F9001E7780 /* SisSisViewController.h */ = {isa = PBXFileReference; lastKnownFileType = sourcecode.c.h; path = SisSisViewController.h; sourceTree = "<group>"; };
		1181DF3014AB17F9001E7780 /* SisSisViewController.m */ = {isa = PBXFileReference; lastKnownFileType = sourcecode.c.objc; path = SisSisViewController.m; sourceTree = "<group>"; };
		1181DF3A14AB17F9001E7780 /* SisSisTests.octest */ = {isa = PBXFileReference; explicitFileType = wrapper.cfbundle; includeInIndex = 0; path = SisSisTests.octest; sourceTree = BUILT_PRODUCTS_DIR; };
		1181DF3B14AB17F9001E7780 /* SenTestingKit.framework */ = {isa = PBXFileReference; lastKnownFileType = wrapper.framework; name = SenTestingKit.framework; path = Library/Frameworks/SenTestingKit.framework; sourceTree = DEVELOPER_DIR; };
		1181DF4414AB17F9001E7780 /* SisSisTests-Info.plist */ = {isa = PBXFileReference; lastKnownFileType = text.plist.xml; path = "SisSisTests-Info.plist"; sourceTree = "<group>"; };
		1181DF4614AB17FA001E7780 /* en */ = {isa = PBXFileReference; lastKnownFileType = text.plist.strings; name = en; path = en.lproj/InfoPlist.strings; sourceTree = "<group>"; };
		1181DF4814AB17FA001E7780 /* SisSisTests.h */ = {isa = PBXFileReference; lastKnownFileType = sourcecode.c.h; path = SisSisTests.h; sourceTree = "<group>"; };
		1181DF4A14AB17FA001E7780 /* SisSisTests.m */ = {isa = PBXFileReference; lastKnownFileType = sourcecode.c.objc; path = SisSisTests.m; sourceTree = "<group>"; };
		11EBFFE414B4985B00C93D06 /* SisSisViewController.xib */ = {isa = PBXFileReference; fileEncoding = 4; lastKnownFileType = file.xib; path = SisSisViewController.xib; sourceTree = "<group>"; };
/* End PBXFileReference section */

/* Begin PBXFrameworksBuildPhase section */
		1181DF1314AB17F9001E7780 /* Frameworks */ = {
			isa = PBXFrameworksBuildPhase;
			buildActionMask = 2147483647;
			files = (
				112079A214BB291B008B2E86 /* EventKit.framework in Frameworks */,
				1144E91114AB2306004017D2 /* MapKit.framework in Frameworks */,
				1144E91214AB2306004017D2 /* QuartzCore.framework in Frameworks */,
				1144E90E14AB22EE004017D2 /* libTapkuLibrary.a in Frameworks */,
				1181DF1B14AB17F9001E7780 /* UIKit.framework in Frameworks */,
				1181DF1D14AB17F9001E7780 /* Foundation.framework in Frameworks */,
				1181DF1F14AB17F9001E7780 /* CoreGraphics.framework in Frameworks */,
			);
			runOnlyForDeploymentPostprocessing = 0;
		};
		1181DF3614AB17F9001E7780 /* Frameworks */ = {
			isa = PBXFrameworksBuildPhase;
			buildActionMask = 2147483647;
			files = (
				1181DF3C14AB17F9001E7780 /* SenTestingKit.framework in Frameworks */,
				1181DF3D14AB17F9001E7780 /* UIKit.framework in Frameworks */,
				1181DF3E14AB17F9001E7780 /* Foundation.framework in Frameworks */,
				1181DF3F14AB17F9001E7780 /* CoreGraphics.framework in Frameworks */,
			);
			runOnlyForDeploymentPostprocessing = 0;
		};
/* End PBXFrameworksBuildPhase section */

/* Begin PBXGroup section */
		1034061414C425620049DE5D /* AddSchedule */ = {
			isa = PBXGroup;
			children = (
				1034061A14C425D60049DE5D /* TableParts */,
				1034061514C425BE0049DE5D /* AddScheduleViewController.h */,
				1034061614C425BE0049DE5D /* AddScheduleViewController.m */,
				1034061714C425BE0049DE5D /* AddScheduleViewController.xib */,
				1034062514C426C20049DE5D /* WorkTImeDecideViewController.xib */,
				1034062614C426C20049DE5D /* WorkTImeDecideViewController.h */,
				1034062714C426C20049DE5D /* WorkTImeDecideViewController.m */,
			);
			name = AddSchedule;
			sourceTree = "<group>";
		};
		1034061A14C425D60049DE5D /* TableParts */ = {
			isa = PBXGroup;
			children = (
				1034061B14C425ED0049DE5D /* EditableCell.xib */,
				1034061C14C425ED0049DE5D /* EditableCell.h */,
				1034061D14C425ED0049DE5D /* EditableCell.m */,
				1034061E14C425ED0049DE5D /* DoubleRowCell.xib */,
				1034061F14C425ED0049DE5D /* DoubleRowCell.h */,
				1034062014C425ED0049DE5D /* DoubleRowCell.m */,
			);
			name = TableParts;
			sourceTree = "<group>";
		};
		1144E8FF14AB221C004017D2 /* Products */ = {
			isa = PBXGroup;
			children = (
				1144E90714AB221C004017D2 /* libTapkuLibrary.a */,
				1144E90914AB221C004017D2 /* LogicTests.octest */,
			);
			name = Products;
			sourceTree = "<group>";
		};
		1181DF0B14AB17F9001E7780 = {
			isa = PBXGroup;
			children = (
				112079A114BB291B008B2E86 /* EventKit.framework */,
				1144E90F14AB2306004017D2 /* MapKit.framework */,
				1144E91014AB2306004017D2 /* QuartzCore.framework */,
				1181DF2014AB17F9001E7780 /* SisSis */,
				1181DF4214AB17F9001E7780 /* SisSisTests */,
				1181DF1914AB17F9001E7780 /* Frameworks */,
				1181DF1714AB17F9001E7780 /* Products */,
			);
			sourceTree = "<group>";
		};
		1181DF1714AB17F9001E7780 /* Products */ = {
			isa = PBXGroup;
			children = (
				1181DF1614AB17F9001E7780 /* SisSis.app */,
				1181DF3A14AB17F9001E7780 /* SisSisTests.octest */,
			);
			name = Products;
			sourceTree = "<group>";
		};
		1181DF1914AB17F9001E7780 /* Frameworks */ = {
			isa = PBXGroup;
			children = (
				1144E90A14AB2225004017D2 /* TapkuLibrary.bundle */,
				1144E8FE14AB221C004017D2 /* TapkuLibrary.xcodeproj */,
				1181DF1A14AB17F9001E7780 /* UIKit.framework */,
				1181DF1C14AB17F9001E7780 /* Foundation.framework */,
				1181DF1E14AB17F9001E7780 /* CoreGraphics.framework */,
				1181DF3B14AB17F9001E7780 /* SenTestingKit.framework */,
			);
			name = Frameworks;
			sourceTree = "<group>";
		};
		1181DF2014AB17F9001E7780 /* SisSis */ = {
			isa = PBXGroup;
			children = (
				1034061414C425620049DE5D /* AddSchedule */,
				1181DF2914AB17F9001E7780 /* SisSisAppDelegate.h */,
				1181DF2A14AB17F9001E7780 /* SisSisAppDelegate.m */,
				1181DF2C14AB17F9001E7780 /* MainWindow.xib */,
				1181DF2F14AB17F9001E7780 /* SisSisViewController.h */,
				1181DF3014AB17F9001E7780 /* SisSisViewController.m */,
				11EBFFE414B4985B00C93D06 /* SisSisViewController.xib */,
				1181DF2114AB17F9001E7780 /* Supporting Files */,
			);
			path = SisSis;
			sourceTree = "<group>";
		};
		1181DF2114AB17F9001E7780 /* Supporting Files */ = {
			isa = PBXGroup;
			children = (
				1181DF2214AB17F9001E7780 /* SisSis-Info.plist */,
				1181DF2314AB17F9001E7780 /* InfoPlist.strings */,
				1181DF2614AB17F9001E7780 /* main.m */,
				1181DF2814AB17F9001E7780 /* SisSis-Prefix.pch */,
			);
			name = "Supporting Files";
			sourceTree = "<group>";
		};
		1181DF4214AB17F9001E7780 /* SisSisTests */ = {
			isa = PBXGroup;
			children = (
				1181DF4814AB17FA001E7780 /* SisSisTests.h */,
				1181DF4A14AB17FA001E7780 /* SisSisTests.m */,
				1181DF4314AB17F9001E7780 /* Supporting Files */,
			);
			path = SisSisTests;
			sourceTree = "<group>";
		};
		1181DF4314AB17F9001E7780 /* Supporting Files */ = {
			isa = PBXGroup;
			children = (
				1181DF4414AB17F9001E7780 /* SisSisTests-Info.plist */,
				1181DF4514AB17FA001E7780 /* InfoPlist.strings */,
			);
			name = "Supporting Files";
			sourceTree = "<group>";
		};
/* End PBXGroup section */

/* Begin PBXNativeTarget section */
		1181DF1514AB17F9001E7780 /* SisSis */ = {
			isa = PBXNativeTarget;
			buildConfigurationList = 1181DF4E14AB17FA001E7780 /* Build configuration list for PBXNativeTarget "SisSis" */;
			buildPhases = (
				1181DF1214AB17F9001E7780 /* Sources */,
				1181DF1314AB17F9001E7780 /* Frameworks */,
				1181DF1414AB17F9001E7780 /* Resources */,
			);
			buildRules = (
			);
			dependencies = (
				1144E90D14AB22DF004017D2 /* PBXTargetDependency */,
			);
			name = SisSis;
			productName = SisSis;
			productReference = 1181DF1614AB17F9001E7780 /* SisSis.app */;
			productType = "com.apple.product-type.application";
		};
		1181DF3914AB17F9001E7780 /* SisSisTests */ = {
			isa = PBXNativeTarget;
			buildConfigurationList = 1181DF5114AB17FA001E7780 /* Build configuration list for PBXNativeTarget "SisSisTests" */;
			buildPhases = (
				1181DF3514AB17F9001E7780 /* Sources */,
				1181DF3614AB17F9001E7780 /* Frameworks */,
				1181DF3714AB17F9001E7780 /* Resources */,
				1181DF3814AB17F9001E7780 /* ShellScript */,
			);
			buildRules = (
			);
			dependencies = (
				1181DF4114AB17F9001E7780 /* PBXTargetDependency */,
			);
			name = SisSisTests;
			productName = SisSisTests;
			productReference = 1181DF3A14AB17F9001E7780 /* SisSisTests.octest */;
			productType = "com.apple.product-type.bundle";
		};
/* End PBXNativeTarget section */

/* Begin PBXProject section */
		1181DF0D14AB17F9001E7780 /* Project object */ = {
			isa = PBXProject;
			attributes = {
				LastUpgradeCheck = 0420;
				ORGANIZATIONNAME = "東京工業大学";
			};
			buildConfigurationList = 1181DF1014AB17F9001E7780 /* Build configuration list for PBXProject "SisSis" */;
			compatibilityVersion = "Xcode 3.2";
			developmentRegion = English;
			hasScannedForEncodings = 0;
			knownRegions = (
				en,
			);
			mainGroup = 1181DF0B14AB17F9001E7780;
			productRefGroup = 1181DF1714AB17F9001E7780 /* Products */;
			projectDirPath = "";
			projectReferences = (
				{
					ProductGroup = 1144E8FF14AB221C004017D2 /* Products */;
					ProjectRef = 1144E8FE14AB221C004017D2 /* TapkuLibrary.xcodeproj */;
				},
			);
			projectRoot = "";
			targets = (
				1181DF1514AB17F9001E7780 /* SisSis */,
				1181DF3914AB17F9001E7780 /* SisSisTests */,
			);
		};
/* End PBXProject section */

/* Begin PBXReferenceProxy section */
		1144E90714AB221C004017D2 /* libTapkuLibrary.a */ = {
			isa = PBXReferenceProxy;
			fileType = archive.ar;
			path = libTapkuLibrary.a;
			remoteRef = 1144E90614AB221C004017D2 /* PBXContainerItemProxy */;
			sourceTree = BUILT_PRODUCTS_DIR;
		};
		1144E90914AB221C004017D2 /* LogicTests.octest */ = {
			isa = PBXReferenceProxy;
			fileType = wrapper.cfbundle;
			path = LogicTests.octest;
			remoteRef = 1144E90814AB221C004017D2 /* PBXContainerItemProxy */;
			sourceTree = BUILT_PRODUCTS_DIR;
		};
/* End PBXReferenceProxy section */

/* Begin PBXResourcesBuildPhase section */
		1181DF1414AB17F9001E7780 /* Resources */ = {
			isa = PBXResourcesBuildPhase;
			buildActionMask = 2147483647;
			files = (
				1181DF2514AB17F9001E7780 /* InfoPlist.strings in Resources */,
				1181DF2E14AB17F9001E7780 /* MainWindow.xib in Resources */,
				1144E90B14AB2225004017D2 /* TapkuLibrary.bundle in Resources */,
				11EBFFE514B4985B00C93D06 /* SisSisViewController.xib in Resources */,
				1034061914C425BE0049DE5D /* AddScheduleViewController.xib in Resources */,
				1034062114C425ED0049DE5D /* EditableCell.xib in Resources */,
				1034062314C425ED0049DE5D /* DoubleRowCell.xib in Resources */,
				1034062814C426C20049DE5D /* WorkTImeDecideViewController.xib in Resources */,
			);
			runOnlyForDeploymentPostprocessing = 0;
		};
		1181DF3714AB17F9001E7780 /* Resources */ = {
			isa = PBXResourcesBuildPhase;
			buildActionMask = 2147483647;
			files = (
				1181DF4714AB17FA001E7780 /* InfoPlist.strings in Resources */,
				1181DF4914AB17FA001E7780 /* SisSisTests.h in Resources */,
			);
			runOnlyForDeploymentPostprocessing = 0;
		};
/* End PBXResourcesBuildPhase section */

/* Begin PBXShellScriptBuildPhase section */
		1181DF3814AB17F9001E7780 /* ShellScript */ = {
			isa = PBXShellScriptBuildPhase;
			buildActionMask = 2147483647;
			files = (
			);
			inputPaths = (
			);
			outputPaths = (
			);
			runOnlyForDeploymentPostprocessing = 0;
			shellPath = /bin/sh;
			shellScript = "# Run the unit tests in this test bundle.\n\"${SYSTEM_DEVELOPER_DIR}/Tools/RunUnitTests\"\n";
		};
/* End PBXShellScriptBuildPhase section */

/* Begin PBXSourcesBuildPhase section */
		1181DF1214AB17F9001E7780 /* Sources */ = {
			isa = PBXSourcesBuildPhase;
			buildActionMask = 2147483647;
			files = (
				1181DF2714AB17F9001E7780 /* main.m in Sources */,
				1181DF2B14AB17F9001E7780 /* SisSisAppDelegate.m in Sources */,
				1181DF3114AB17F9001E7780 /* SisSisViewController.m in Sources */,
				1034061814C425BE0049DE5D /* AddScheduleViewController.m in Sources */,
				1034062214C425ED0049DE5D /* EditableCell.m in Sources */,
				1034062414C425ED0049DE5D /* DoubleRowCell.m in Sources */,
				1034062914C426C20049DE5D /* WorkTImeDecideViewController.m in Sources */,
			);
			runOnlyForDeploymentPostprocessing = 0;
		};
		1181DF3514AB17F9001E7780 /* Sources */ = {
			isa = PBXSourcesBuildPhase;
			buildActionMask = 2147483647;
			files = (
				1181DF4B14AB17FA001E7780 /* SisSisTests.m in Sources */,
			);
			runOnlyForDeploymentPostprocessing = 0;
		};
/* End PBXSourcesBuildPhase section */

/* Begin PBXTargetDependency section */
		1144E90D14AB22DF004017D2 /* PBXTargetDependency */ = {
			isa = PBXTargetDependency;
			name = TapkuLibrary;
			targetProxy = 1144E90C14AB22DF004017D2 /* PBXContainerItemProxy */;
		};
		1181DF4114AB17F9001E7780 /* PBXTargetDependency */ = {
			isa = PBXTargetDependency;
			target = 1181DF1514AB17F9001E7780 /* SisSis */;
			targetProxy = 1181DF4014AB17F9001E7780 /* PBXContainerItemProxy */;
		};
/* End PBXTargetDependency section */

/* Begin PBXVariantGroup section */
		1181DF2314AB17F9001E7780 /* InfoPlist.strings */ = {
			isa = PBXVariantGroup;
			children = (
				1181DF2414AB17F9001E7780 /* en */,
			);
			name = InfoPlist.strings;
			sourceTree = "<group>";
		};
		1181DF2C14AB17F9001E7780 /* MainWindow.xib */ = {
			isa = PBXVariantGroup;
			children = (
				1181DF2D14AB17F9001E7780 /* en */,
			);
			name = MainWindow.xib;
			sourceTree = "<group>";
		};
		1181DF4514AB17FA001E7780 /* InfoPlist.strings */ = {
			isa = PBXVariantGroup;
			children = (
				1181DF4614AB17FA001E7780 /* en */,
			);
			name = InfoPlist.strings;
			sourceTree = "<group>";
		};
/* End PBXVariantGroup section */

/* Begin XCBuildConfiguration section */
		1181DF4C14AB17FA001E7780 /* Debug */ = {
			isa = XCBuildConfiguration;
			buildSettings = {
				ALWAYS_SEARCH_USER_PATHS = NO;
				ARCHS = "$(ARCHS_STANDARD_32_BIT)";
				"CODE_SIGN_IDENTITY[sdk=iphoneos*]" = "iPhone Developer";
				COPY_PHASE_STRIP = NO;
				GCC_C_LANGUAGE_STANDARD = gnu99;
				GCC_DYNAMIC_NO_PIC = NO;
				GCC_OPTIMIZATION_LEVEL = 0;
				GCC_PREPROCESSOR_DEFINITIONS = (
					"DEBUG=1",
					"$(inherited)",
				);
				GCC_SYMBOLS_PRIVATE_EXTERN = NO;
				GCC_VERSION = com.apple.compilers.llvmgcc42;
				GCC_WARN_ABOUT_MISSING_PROTOTYPES = YES;
				GCC_WARN_ABOUT_RETURN_TYPE = YES;
				GCC_WARN_UNUSED_VARIABLE = YES;
				IPHONEOS_DEPLOYMENT_TARGET = 4.3;
				SDKROOT = iphoneos;
			};
			name = Debug;
		};
		1181DF4D14AB17FA001E7780 /* Release */ = {
			isa = XCBuildConfiguration;
			buildSettings = {
				ALWAYS_SEARCH_USER_PATHS = NO;
				ARCHS = "$(ARCHS_STANDARD_32_BIT)";
				"CODE_SIGN_IDENTITY[sdk=iphoneos*]" = "iPhone Developer";
				COPY_PHASE_STRIP = YES;
				GCC_C_LANGUAGE_STANDARD = gnu99;
				GCC_VERSION = com.apple.compilers.llvmgcc42;
				GCC_WARN_ABOUT_MISSING_PROTOTYPES = YES;
				GCC_WARN_ABOUT_RETURN_TYPE = YES;
				GCC_WARN_UNUSED_VARIABLE = YES;
				IPHONEOS_DEPLOYMENT_TARGET = 4.3;
				OTHER_CFLAGS = "-DNS_BLOCK_ASSERTIONS=1";
				SDKROOT = iphoneos;
				VALIDATE_PRODUCT = YES;
			};
			name = Release;
		};
		1181DF4F14AB17FA001E7780 /* Debug */ = {
			isa = XCBuildConfiguration;
			buildSettings = {
				GCC_PRECOMPILE_PREFIX_HEADER = YES;
				GCC_PREFIX_HEADER = "SisSis/SisSis-Prefix.pch";
				GCC_VERSION = com.apple.compilers.llvm.clang.1_0;
				HEADER_SEARCH_PATHS = "Libraries/TapkuLibrary/src/**";
				INFOPLIST_FILE = "SisSis/SisSis-Info.plist";
				OTHER_LDFLAGS = (
					"-all_load",
					"-ObjC",
				);
				PRODUCT_NAME = "$(TARGET_NAME)";
				WRAPPER_EXTENSION = app;
			};
			name = Debug;
		};
		1181DF5014AB17FA001E7780 /* Release */ = {
			isa = XCBuildConfiguration;
			buildSettings = {
				GCC_PRECOMPILE_PREFIX_HEADER = YES;
				GCC_PREFIX_HEADER = "SisSis/SisSis-Prefix.pch";
				GCC_VERSION = com.apple.compilers.llvm.clang.1_0;
				HEADER_SEARCH_PATHS = "Libraries/TapkuLibrary/src/**";
				INFOPLIST_FILE = "SisSis/SisSis-Info.plist";
				OTHER_LDFLAGS = (
					"-all_load",
					"-ObjC",
				);
				PRODUCT_NAME = "$(TARGET_NAME)";
				WRAPPER_EXTENSION = app;
			};
			name = Release;
		};
		1181DF5214AB17FA001E7780 /* Debug */ = {
			isa = XCBuildConfiguration;
			buildSettings = {
				BUNDLE_LOADER = "$(BUILT_PRODUCTS_DIR)/SisSis.app/SisSis";
				FRAMEWORK_SEARCH_PATHS = (
					"$(SDKROOT)/Developer/Library/Frameworks",
					"$(DEVELOPER_LIBRARY_DIR)/Frameworks",
				);
				GCC_PRECOMPILE_PREFIX_HEADER = YES;
				GCC_PREFIX_HEADER = "SisSis/SisSis-Prefix.pch";
				GCC_VERSION = com.apple.compilers.llvm.clang.1_0;
				INFOPLIST_FILE = "SisSisTests/SisSisTests-Info.plist";
				PRODUCT_NAME = "$(TARGET_NAME)";
				TEST_HOST = "$(BUNDLE_LOADER)";
				WRAPPER_EXTENSION = octest;
			};
			name = Debug;
		};
		1181DF5314AB17FA001E7780 /* Release */ = {
			isa = XCBuildConfiguration;
			buildSettings = {
				BUNDLE_LOADER = "$(BUILT_PRODUCTS_DIR)/SisSis.app/SisSis";
				FRAMEWORK_SEARCH_PATHS = (
					"$(SDKROOT)/Developer/Library/Frameworks",
					"$(DEVELOPER_LIBRARY_DIR)/Frameworks",
				);
				GCC_PRECOMPILE_PREFIX_HEADER = YES;
				GCC_PREFIX_HEADER = "SisSis/SisSis-Prefix.pch";
				GCC_VERSION = com.apple.compilers.llvm.clang.1_0;
				INFOPLIST_FILE = "SisSisTests/SisSisTests-Info.plist";
				PRODUCT_NAME = "$(TARGET_NAME)";
				TEST_HOST = "$(BUNDLE_LOADER)";
				WRAPPER_EXTENSION = octest;
			};
			name = Release;
		};
/* End XCBuildConfiguration section */

/* Begin XCConfigurationList section */
		1181DF1014AB17F9001E7780 /* Build configuration list for PBXProject "SisSis" */ = {
			isa = XCConfigurationList;
			buildConfigurations = (
				1181DF4C14AB17FA001E7780 /* Debug */,
				1181DF4D14AB17FA001E7780 /* Release */,
			);
			defaultConfigurationIsVisible = 0;
			defaultConfigurationName = Release;
		};
		1181DF4E14AB17FA001E7780 /* Build configuration list for PBXNativeTarget "SisSis" */ = {
			isa = XCConfigurationList;
			buildConfigurations = (
				1181DF4F14AB17FA001E7780 /* Debug */,
				1181DF5014AB17FA001E7780 /* Release */,
			);
			defaultConfigurationIsVisible = 0;
			defaultConfigurationName = Release;
		};
		1181DF5114AB17FA001E7780 /* Build configuration list for PBXNativeTarget "SisSisTests" */ = {
			isa = XCConfigurationList;
			buildConfigurations = (
				1181DF5214AB17FA001E7780 /* Debug */,
				1181DF5314AB17FA001E7780 /* Release */,
			);
			defaultConfigurationIsVisible = 0;
			defaultConfigurationName = Release;
		};
/* End XCConfigurationList section */
	};
	rootObject = 1181DF0D14AB17F9001E7780 /* Project object */;
}
