// !$*UTF8*$!
{
	archiveVersion = 1;
	classes = {
	};
	objectVersion = 46;
	objects = {

/* Begin PBXBuildFile section */
		101B521D14CABF6C005534FD /* DepartureDecideViewController.m in Sources */ = {isa = PBXBuildFile; fileRef = 101B521B14CABF6B005534FD /* DepartureDecideViewController.m */; };
		101B521F14CABF77005534FD /* DepartureDecideViewController.xib in Resources */ = {isa = PBXBuildFile; fileRef = 101B521E14CABF77005534FD /* DepartureDecideViewController.xib */; };
		101B522314CABF92005534FD /* DeparturePositionDecideViewController.m in Sources */ = {isa = PBXBuildFile; fileRef = 101B522114CABF92005534FD /* DeparturePositionDecideViewController.m */; };
		101B522414CABF92005534FD /* DeparturePositionDecideViewController.xib in Resources */ = {isa = PBXBuildFile; fileRef = 101B522214CABF92005534FD /* DeparturePositionDecideViewController.xib */; };
		102305A314E168C300EF7D9A /* EventKit.framework in Frameworks */ = {isa = PBXBuildFile; fileRef = 112079A114BB291B008B2E86 /* EventKit.framework */; };
		102305A514E16A3A00EF7D9A /* EventKitUI.framework in Frameworks */ = {isa = PBXBuildFile; fileRef = 117AA0E314C41E7C00153C9D /* EventKitUI.framework */; };
		102EAE1614E3BF0900BFD26D /* WorkTimeDecideViewController.m in Sources */ = {isa = PBXBuildFile; fileRef = 102EAE1414E3BF0900BFD26D /* WorkTimeDecideViewController.m */; };
		102EAE1714E3BF0900BFD26D /* WorkTimeDecideViewController.xib in Resources */ = {isa = PBXBuildFile; fileRef = 102EAE1514E3BF0900BFD26D /* WorkTimeDecideViewController.xib */; };
		1034061814C425BE0049DE5D /* AddScheduleViewController.m in Sources */ = {isa = PBXBuildFile; fileRef = 1034061614C425BE0049DE5D /* AddScheduleViewController.m */; };
		1034061914C425BE0049DE5D /* AddScheduleViewController.xib in Resources */ = {isa = PBXBuildFile; fileRef = 1034061714C425BE0049DE5D /* AddScheduleViewController.xib */; };
		1034062114C425ED0049DE5D /* EditableCell.xib in Resources */ = {isa = PBXBuildFile; fileRef = 1034061B14C425ED0049DE5D /* EditableCell.xib */; };
		1034062214C425ED0049DE5D /* EditableCell.m in Sources */ = {isa = PBXBuildFile; fileRef = 1034061D14C425ED0049DE5D /* EditableCell.m */; };
		1034062314C425ED0049DE5D /* DoubleRowCell.xib in Resources */ = {isa = PBXBuildFile; fileRef = 1034061E14C425ED0049DE5D /* DoubleRowCell.xib */; };
		1034062414C425ED0049DE5D /* DoubleRowCell.m in Sources */ = {isa = PBXBuildFile; fileRef = 1034062014C425ED0049DE5D /* DoubleRowCell.m */; };
		103AB49714D2944A0020F9E1 /* MapDirectionsAppDelegate.m in Sources */ = {isa = PBXBuildFile; fileRef = 103AB47214D2944A0020F9E1 /* MapDirectionsAppDelegate.m */; };
		103AB49814D2944A0020F9E1 /* MapDirectionsViewController.m in Sources */ = {isa = PBXBuildFile; fileRef = 103AB47414D2944A0020F9E1 /* MapDirectionsViewController.m */; };
		103AB49914D2944A0020F9E1 /* NSObject+SBJSON.m in Sources */ = {isa = PBXBuildFile; fileRef = 103AB47614D2944A0020F9E1 /* NSObject+SBJSON.m */; };
		103AB49A14D2944A0020F9E1 /* NSString+SBJSON.m in Sources */ = {isa = PBXBuildFile; fileRef = 103AB47814D2944A0020F9E1 /* NSString+SBJSON.m */; };
		103AB49B14D2944A0020F9E1 /* RootViewController.m in Sources */ = {isa = PBXBuildFile; fileRef = 103AB47A14D2944A0020F9E1 /* RootViewController.m */; };
		103AB49C14D2944A0020F9E1 /* RouteListViewController.m in Sources */ = {isa = PBXBuildFile; fileRef = 103AB47C14D2944A0020F9E1 /* RouteListViewController.m */; };
		103AB49D14D2944A0020F9E1 /* SBJSON.m in Sources */ = {isa = PBXBuildFile; fileRef = 103AB47E14D2944A0020F9E1 /* SBJSON.m */; };
		103AB49E14D2944A0020F9E1 /* SBJsonBase.m in Sources */ = {isa = PBXBuildFile; fileRef = 103AB48014D2944A0020F9E1 /* SBJsonBase.m */; };
		103AB49F14D2944A0020F9E1 /* SBJsonParser.m in Sources */ = {isa = PBXBuildFile; fileRef = 103AB48214D2944A0020F9E1 /* SBJsonParser.m */; };
		103AB4A014D2944A0020F9E1 /* SBJsonWriter.m in Sources */ = {isa = PBXBuildFile; fileRef = 103AB48414D2944A0020F9E1 /* SBJsonWriter.m */; };
		103AB4A114D2944A0020F9E1 /* UICGClientGeocoder.m in Sources */ = {isa = PBXBuildFile; fileRef = 103AB48614D2944A0020F9E1 /* UICGClientGeocoder.m */; };
		103AB4A214D2944A0020F9E1 /* UICGDirections.m in Sources */ = {isa = PBXBuildFile; fileRef = 103AB48814D2944A0020F9E1 /* UICGDirections.m */; };
		103AB4A314D2944A0020F9E1 /* UICGDirectionsOptions.m in Sources */ = {isa = PBXBuildFile; fileRef = 103AB48A14D2944A0020F9E1 /* UICGDirectionsOptions.m */; };
		103AB4A414D2944A0020F9E1 /* UICGoogleMapsAPI.m in Sources */ = {isa = PBXBuildFile; fileRef = 103AB48C14D2944A0020F9E1 /* UICGoogleMapsAPI.m */; };
		103AB4A514D2944A0020F9E1 /* UICGPolyline.m in Sources */ = {isa = PBXBuildFile; fileRef = 103AB48E14D2944A0020F9E1 /* UICGPolyline.m */; };
		103AB4A614D2944A0020F9E1 /* UICGRoute.m in Sources */ = {isa = PBXBuildFile; fileRef = 103AB49014D2944A0020F9E1 /* UICGRoute.m */; };
		103AB4A714D2944A0020F9E1 /* UICGStep.m in Sources */ = {isa = PBXBuildFile; fileRef = 103AB49214D2944A0020F9E1 /* UICGStep.m */; };
		103AB4A814D2944A0020F9E1 /* UICRouteAnnotation.m in Sources */ = {isa = PBXBuildFile; fileRef = 103AB49414D2944A0020F9E1 /* UICRouteAnnotation.m */; };
		103AB4A914D2944A0020F9E1 /* UICRouteOverlayMapView.m in Sources */ = {isa = PBXBuildFile; fileRef = 103AB49614D2944A0020F9E1 /* UICRouteOverlayMapView.m */; };
		103AB4AE14D2999B0020F9E1 /* CoreLocation.framework in Frameworks */ = {isa = PBXBuildFile; fileRef = 103AB4AD14D2999B0020F9E1 /* CoreLocation.framework */; };
		103AB4B114D699530020F9E1 /* ScheduleData.m in Sources */ = {isa = PBXBuildFile; fileRef = 103AB4B014D699530020F9E1 /* ScheduleData.m */; };
		10484BA214D949A300BD122C /* api.html in Resources */ = {isa = PBXBuildFile; fileRef = 10484BA014D949A300BD122C /* api.html */; };
		10484BA314D949A300BD122C /* json2.js in Sources */ = {isa = PBXBuildFile; fileRef = 10484BA114D949A300BD122C /* json2.js */; };
		10484BAB14D99D7400BD122C /* Icon.png in Resources */ = {isa = PBXBuildFile; fileRef = 10484BA514D99D7400BD122C /* Icon.png */; };
		10484BAC14D99D7400BD122C /* add.png in Resources */ = {isa = PBXBuildFile; fileRef = 10484BA614D99D7400BD122C /* add.png */; };
		10484BAD14D99D7400BD122C /* remove.png in Resources */ = {isa = PBXBuildFile; fileRef = 10484BA714D99D7400BD122C /* remove.png */; };
		10484BAE14D99D7400BD122C /* reticle.png in Resources */ = {isa = PBXBuildFile; fileRef = 10484BA814D99D7400BD122C /* reticle.png */; };
		10484BAF14D99D7400BD122C /* map_pin.png in Resources */ = {isa = PBXBuildFile; fileRef = 10484BA914D99D7400BD122C /* map_pin.png */; };
		10484BB014D99D7400BD122C /* list.png in Resources */ = {isa = PBXBuildFile; fileRef = 10484BAA14D99D7400BD122C /* list.png */; };
		107A42F614DD0F3700EE41B0 /* ModalDatePickerViewController.m in Sources */ = {isa = PBXBuildFile; fileRef = 107A42F414DD0F3700EE41B0 /* ModalDatePickerViewController.m */; };
		107A42F714DD0F3700EE41B0 /* ModalDatePickerViewController.xib in Resources */ = {isa = PBXBuildFile; fileRef = 107A42F514DD0F3700EE41B0 /* ModalDatePickerViewController.xib */; };
		10A6226B14DE960A005BBBEA /* ButtonEditableCell.m in Sources */ = {isa = PBXBuildFile; fileRef = 10A6226914DE960A005BBBEA /* ButtonEditableCell.m */; };
		10A6226C14DE960A005BBBEA /* ButtonEditableCell.xib in Resources */ = {isa = PBXBuildFile; fileRef = 10A6226A14DE960A005BBBEA /* ButtonEditableCell.xib */; };
		10B035A914E43AF100B74C8B /* DetailMapViewController.m in Sources */ = {isa = PBXBuildFile; fileRef = 10B035A814E43AF100B74C8B /* DetailMapViewController.m */; };
		1132270D14DA8E6600FB52B0 /* DayEventViewController.m in Sources */ = {isa = PBXBuildFile; fileRef = 1132270B14DA8E6600FB52B0 /* DayEventViewController.m */; };
		1132270E14DA8E6600FB52B0 /* DayEventViewController.xib in Resources */ = {isa = PBXBuildFile; fileRef = 1132270C14DA8E6600FB52B0 /* DayEventViewController.xib */; };
		11415FE714DEBD5200429E3B /* ExtendClasses.m in Sources */ = {isa = PBXBuildFile; fileRef = 11415FE614DEBD5200429E3B /* ExtendClasses.m */; };
		11415FE914DEC01A00429E3B /* back.png in Resources */ = {isa = PBXBuildFile; fileRef = 11415FE814DEC01A00429E3B /* back.png */; };
		1144E90B14AB2225004017D2 /* TapkuLibrary.bundle in Resources */ = {isa = PBXBuildFile; fileRef = 1144E90A14AB2225004017D2 /* TapkuLibrary.bundle */; };
		1144E90E14AB22EE004017D2 /* libTapkuLibrary.a in Frameworks */ = {isa = PBXBuildFile; fileRef = 1144E90714AB221C004017D2 /* libTapkuLibrary.a */; };
		1144E91114AB2306004017D2 /* MapKit.framework in Frameworks */ = {isa = PBXBuildFile; fileRef = 1144E90F14AB2306004017D2 /* MapKit.framework */; };
		1144E91214AB2306004017D2 /* QuartzCore.framework in Frameworks */ = {isa = PBXBuildFile; fileRef = 1144E91014AB2306004017D2 /* QuartzCore.framework */; };
		11707C3414CC71B1005632E1 /* EventListViewController.m in Sources */ = {isa = PBXBuildFile; fileRef = 11707C3214CC71B1005632E1 /* EventListViewController.m */; };
		11707C3514CC71B1005632E1 /* EventListViewController.xib in Resources */ = {isa = PBXBuildFile; fileRef = 11707C3314CC71B1005632E1 /* EventListViewController.xib */; };
		118094A214DD599E00396733 /* DBMagager.m in Sources */ = {isa = PBXBuildFile; fileRef = 118094A114DD599E00396733 /* DBMagager.m */; };
		118094A914DE79AF00396733 /* RouteData.m in Sources */ = {isa = PBXBuildFile; fileRef = 118094A814DE79AF00396733 /* RouteData.m */; };
		118094DE14DE986D00396733 /* SSEventViewController.m in Sources */ = {isa = PBXBuildFile; fileRef = 118094DC14DE986D00396733 /* SSEventViewController.m */; };
		118094DF14DE986D00396733 /* SSEventViewController.xib in Resources */ = {isa = PBXBuildFile; fileRef = 118094DD14DE986D00396733 /* SSEventViewController.xib */; };
		1181DF1B14AB17F9001E7780 /* UIKit.framework in Frameworks */ = {isa = PBXBuildFile; fileRef = 1181DF1A14AB17F9001E7780 /* UIKit.framework */; };
		1181DF1D14AB17F9001E7780 /* Foundation.framework in Frameworks */ = {isa = PBXBuildFile; fileRef = 1181DF1C14AB17F9001E7780 /* Foundation.framework */; };
		1181DF1F14AB17F9001E7780 /* CoreGraphics.framework in Frameworks */ = {isa = PBXBuildFile; fileRef = 1181DF1E14AB17F9001E7780 /* CoreGraphics.framework */; };
		1181DF2514AB17F9001E7780 /* InfoPlist.strings in Resources */ = {isa = PBXBuildFile; fileRef = 1181DF2314AB17F9001E7780 /* InfoPlist.strings */; };
		1181DF2714AB17F9001E7780 /* main.m in Sources */ = {isa = PBXBuildFile; fileRef = 1181DF2614AB17F9001E7780 /* main.m */; };
		1181DF2B14AB17F9001E7780 /* SisSisAppDelegate.m in Sources */ = {isa = PBXBuildFile; fileRef = 1181DF2A14AB17F9001E7780 /* SisSisAppDelegate.m */; };
		1181DF2E14AB17F9001E7780 /* MainWindow.xib in Resources */ = {isa = PBXBuildFile; fileRef = 1181DF2C14AB17F9001E7780 /* MainWindow.xib */; };
		1181DF3114AB17F9001E7780 /* SisSisViewController.m in Sources */ = {isa = PBXBuildFile; fileRef = 1181DF3014AB17F9001E7780 /* SisSisViewController.m */; };
		1181DF3C14AB17F9001E7780 /* SenTestingKit.framework in Frameworks */ = {isa = PBXBuildFile; fileRef = 1181DF3B14AB17F9001E7780 /* SenTestingKit.framework */; };
		1181DF3D14AB17F9001E7780 /* UIKit.framework in Frameworks */ = {isa = PBXBuildFile; fileRef = 1181DF1A14AB17F9001E7780 /* UIKit.framework */; };
		1181DF3E14AB17F9001E7780 /* Foundation.framework in Frameworks */ = {isa = PBXBuildFile; fileRef = 1181DF1C14AB17F9001E7780 /* Foundation.framework */; };
		1181DF3F14AB17F9001E7780 /* CoreGraphics.framework in Frameworks */ = {isa = PBXBuildFile; fileRef = 1181DF1E14AB17F9001E7780 /* CoreGraphics.framework */; };
		1181DF4714AB17FA001E7780 /* InfoPlist.strings in Resources */ = {isa = PBXBuildFile; fileRef = 1181DF4514AB17FA001E7780 /* InfoPlist.strings */; };
		1181DF4914AB17FA001E7780 /* SisSisTests.h in Resources */ = {isa = PBXBuildFile; fileRef = 1181DF4814AB17FA001E7780 /* SisSisTests.h */; };
		1181DF4B14AB17FA001E7780 /* SisSisTests.m in Sources */ = {isa = PBXBuildFile; fileRef = 1181DF4A14AB17FA001E7780 /* SisSisTests.m */; };
		11B49F6614CD1A2A003E4CE0 /* EventListCell.m in Sources */ = {isa = PBXBuildFile; fileRef = 11B49F6414CD1A2A003E4CE0 /* EventListCell.m */; };
		11B49F6714CD1A2A003E4CE0 /* EventListCell.xib in Resources */ = {isa = PBXBuildFile; fileRef = 11B49F6514CD1A2A003E4CE0 /* EventListCell.xib */; };
		11B49F7214CF0D42003E4CE0 /* libsqlite3.0.dylib in Frameworks */ = {isa = PBXBuildFile; fileRef = 11B49F7114CF0D42003E4CE0 /* libsqlite3.0.dylib */; };
		11B49F8F14CF20C6003E4CE0 /* FMDatabase.m in Sources */ = {isa = PBXBuildFile; fileRef = 11B49F8914CF20C6003E4CE0 /* FMDatabase.m */; };
		11B49F9014CF20C6003E4CE0 /* FMDatabaseAdditions.m in Sources */ = {isa = PBXBuildFile; fileRef = 11B49F8B14CF20C6003E4CE0 /* FMDatabaseAdditions.m */; };
		11B49F9214CF20C6003E4CE0 /* FMResultSet.m in Sources */ = {isa = PBXBuildFile; fileRef = 11B49F8E14CF20C6003E4CE0 /* FMResultSet.m */; };
		11DCBA9C14E2EFEF000F9471 /* EventRectView.m in Sources */ = {isa = PBXBuildFile; fileRef = 11DCBA9B14E2EFEE000F9471 /* EventRectView.m */; };
		11EBFFE514B4985B00C93D06 /* SisSisViewController.xib in Resources */ = {isa = PBXBuildFile; fileRef = 11EBFFE414B4985B00C93D06 /* SisSisViewController.xib */; };
/* End PBXBuildFile section */

/* Begin PBXContainerItemProxy section */
		1144E90614AB221C004017D2 /* PBXContainerItemProxy */ = {
			isa = PBXContainerItemProxy;
			containerPortal = 1144E8FE14AB221C004017D2 /* TapkuLibrary.xcodeproj */;
			proxyType = 2;
			remoteGlobalIDString = D2AAC07E0554694100DB518D;
			remoteInfo = TapkuLibrary;
		};
		1144E90814AB221C004017D2 /* PBXContainerItemProxy */ = {
			isa = PBXContainerItemProxy;
			containerPortal = 1144E8FE14AB221C004017D2 /* TapkuLibrary.xcodeproj */;
			proxyType = 2;
			remoteGlobalIDString = 3B45DDF1134C736600D24C1A;
			remoteInfo = LogicTests;
		};
		1144E90C14AB22DF004017D2 /* PBXContainerItemProxy */ = {
			isa = PBXContainerItemProxy;
			containerPortal = 1144E8FE14AB221C004017D2 /* TapkuLibrary.xcodeproj */;
			proxyType = 1;
			remoteGlobalIDString = D2AAC07D0554694100DB518D;
			remoteInfo = TapkuLibrary;
		};
		1181DF4014AB17F9001E7780 /* PBXContainerItemProxy */ = {
			isa = PBXContainerItemProxy;
			containerPortal = 1181DF0D14AB17F9001E7780 /* Project object */;
			proxyType = 1;
			remoteGlobalIDString = 1181DF1514AB17F9001E7780;
			remoteInfo = SisSis;
		};
/* End PBXContainerItemProxy section */

/* Begin PBXFileReference section */
		101B521B14CABF6B005534FD /* DepartureDecideViewController.m */ = {isa = PBXFileReference; fileEncoding = 4; lastKnownFileType = sourcecode.c.objc; path = DepartureDecideViewController.m; sourceTree = "<group>"; };
		101B521C14CABF6B005534FD /* DepartureDecideViewController.h */ = {isa = PBXFileReference; fileEncoding = 4; lastKnownFileType = sourcecode.c.h; path = DepartureDecideViewController.h; sourceTree = "<group>"; };
		101B521E14CABF77005534FD /* DepartureDecideViewController.xib */ = {isa = PBXFileReference; fileEncoding = 4; lastKnownFileType = file.xib; path = DepartureDecideViewController.xib; sourceTree = "<group>"; };
		101B522014CABF91005534FD /* DeparturePositionDecideViewController.h */ = {isa = PBXFileReference; fileEncoding = 4; lastKnownFileType = sourcecode.c.h; path = DeparturePositionDecideViewController.h; sourceTree = "<group>"; };
		101B522114CABF92005534FD /* DeparturePositionDecideViewController.m */ = {isa = PBXFileReference; fileEncoding = 4; lastKnownFileType = sourcecode.c.objc; path = DeparturePositionDecideViewController.m; sourceTree = "<group>"; };
		101B522214CABF92005534FD /* DeparturePositionDecideViewController.xib */ = {isa = PBXFileReference; fileEncoding = 4; lastKnownFileType = file.xib; path = DeparturePositionDecideViewController.xib; sourceTree = "<group>"; };
		102EAE1314E3BF0900BFD26D /* WorkTimeDecideViewController.h */ = {isa = PBXFileReference; fileEncoding = 4; lastKnownFileType = sourcecode.c.h; path = WorkTimeDecideViewController.h; sourceTree = "<group>"; };
		102EAE1414E3BF0900BFD26D /* WorkTimeDecideViewController.m */ = {isa = PBXFileReference; fileEncoding = 4; lastKnownFileType = sourcecode.c.objc; path = WorkTimeDecideViewController.m; sourceTree = "<group>"; };
		102EAE1514E3BF0900BFD26D /* WorkTimeDecideViewController.xib */ = {isa = PBXFileReference; fileEncoding = 4; lastKnownFileType = file.xib; path = WorkTimeDecideViewController.xib; sourceTree = "<group>"; };
		1034061514C425BE0049DE5D /* AddScheduleViewController.h */ = {isa = PBXFileReference; fileEncoding = 4; lastKnownFileType = sourcecode.c.h; path = AddScheduleViewController.h; sourceTree = "<group>"; };
		1034061614C425BE0049DE5D /* AddScheduleViewController.m */ = {isa = PBXFileReference; fileEncoding = 4; lastKnownFileType = sourcecode.c.objc; path = AddScheduleViewController.m; sourceTree = "<group>"; };
		1034061714C425BE0049DE5D /* AddScheduleViewController.xib */ = {isa = PBXFileReference; fileEncoding = 4; lastKnownFileType = file.xib; path = AddScheduleViewController.xib; sourceTree = "<group>"; };
		1034061B14C425ED0049DE5D /* EditableCell.xib */ = {isa = PBXFileReference; fileEncoding = 4; lastKnownFileType = file.xib; path = EditableCell.xib; sourceTree = "<group>"; };
		1034061C14C425ED0049DE5D /* EditableCell.h */ = {isa = PBXFileReference; fileEncoding = 4; lastKnownFileType = sourcecode.c.h; path = EditableCell.h; sourceTree = "<group>"; };
		1034061D14C425ED0049DE5D /* EditableCell.m */ = {isa = PBXFileReference; fileEncoding = 4; lastKnownFileType = sourcecode.c.objc; path = EditableCell.m; sourceTree = "<group>"; };
		1034061E14C425ED0049DE5D /* DoubleRowCell.xib */ = {isa = PBXFileReference; fileEncoding = 4; lastKnownFileType = file.xib; path = DoubleRowCell.xib; sourceTree = "<group>"; };
		1034061F14C425ED0049DE5D /* DoubleRowCell.h */ = {isa = PBXFileReference; fileEncoding = 4; lastKnownFileType = sourcecode.c.h; path = DoubleRowCell.h; sourceTree = "<group>"; };
		1034062014C425ED0049DE5D /* DoubleRowCell.m */ = {isa = PBXFileReference; fileEncoding = 4; lastKnownFileType = sourcecode.c.objc; path = DoubleRowCell.m; sourceTree = "<group>"; };
		103AB47014D2944A0020F9E1 /* JSON.h */ = {isa = PBXFileReference; fileEncoding = 4; lastKnownFileType = sourcecode.c.h; path = JSON.h; sourceTree = "<group>"; };
		103AB47114D2944A0020F9E1 /* MapDirectionsAppDelegate.h */ = {isa = PBXFileReference; fileEncoding = 4; lastKnownFileType = sourcecode.c.h; path = MapDirectionsAppDelegate.h; sourceTree = "<group>"; };
		103AB47214D2944A0020F9E1 /* MapDirectionsAppDelegate.m */ = {isa = PBXFileReference; fileEncoding = 4; lastKnownFileType = sourcecode.c.objc; path = MapDirectionsAppDelegate.m; sourceTree = "<group>"; };
		103AB47314D2944A0020F9E1 /* MapDirectionsViewController.h */ = {isa = PBXFileReference; fileEncoding = 4; lastKnownFileType = sourcecode.c.h; name = MapDirectionsViewController.h; path = ../MapDirectionsViewController.h; sourceTree = "<group>"; };
		103AB47414D2944A0020F9E1 /* MapDirectionsViewController.m */ = {isa = PBXFileReference; fileEncoding = 4; lastKnownFileType = sourcecode.c.objc; name = MapDirectionsViewController.m; path = ../MapDirectionsViewController.m; sourceTree = "<group>"; };
		103AB47514D2944A0020F9E1 /* NSObject+SBJSON.h */ = {isa = PBXFileReference; fileEncoding = 4; lastKnownFileType = sourcecode.c.h; path = "NSObject+SBJSON.h"; sourceTree = "<group>"; };
		103AB47614D2944A0020F9E1 /* NSObject+SBJSON.m */ = {isa = PBXFileReference; fileEncoding = 4; lastKnownFileType = sourcecode.c.objc; path = "NSObject+SBJSON.m"; sourceTree = "<group>"; };
		103AB47714D2944A0020F9E1 /* NSString+SBJSON.h */ = {isa = PBXFileReference; fileEncoding = 4; lastKnownFileType = sourcecode.c.h; path = "NSString+SBJSON.h"; sourceTree = "<group>"; };
		103AB47814D2944A0020F9E1 /* NSString+SBJSON.m */ = {isa = PBXFileReference; fileEncoding = 4; lastKnownFileType = sourcecode.c.objc; path = "NSString+SBJSON.m"; sourceTree = "<group>"; };
		103AB47914D2944A0020F9E1 /* RootViewController.h */ = {isa = PBXFileReference; fileEncoding = 4; lastKnownFileType = sourcecode.c.h; name = RootViewController.h; path = ../RootViewController.h; sourceTree = "<group>"; };
		103AB47A14D2944A0020F9E1 /* RootViewController.m */ = {isa = PBXFileReference; fileEncoding = 4; lastKnownFileType = sourcecode.c.objc; name = RootViewController.m; path = ../RootViewController.m; sourceTree = "<group>"; };
		103AB47B14D2944A0020F9E1 /* RouteListViewController.h */ = {isa = PBXFileReference; fileEncoding = 4; lastKnownFileType = sourcecode.c.h; name = RouteListViewController.h; path = ../RouteListViewController.h; sourceTree = "<group>"; };
		103AB47C14D2944A0020F9E1 /* RouteListViewController.m */ = {isa = PBXFileReference; fileEncoding = 4; lastKnownFileType = sourcecode.c.objc; name = RouteListViewController.m; path = ../RouteListViewController.m; sourceTree = "<group>"; };
		103AB47D14D2944A0020F9E1 /* SBJSON.h */ = {isa = PBXFileReference; fileEncoding = 4; lastKnownFileType = sourcecode.c.h; path = SBJSON.h; sourceTree = "<group>"; };
		103AB47E14D2944A0020F9E1 /* SBJSON.m */ = {isa = PBXFileReference; fileEncoding = 4; lastKnownFileType = sourcecode.c.objc; path = SBJSON.m; sourceTree = "<group>"; };
		103AB47F14D2944A0020F9E1 /* SBJsonBase.h */ = {isa = PBXFileReference; fileEncoding = 4; lastKnownFileType = sourcecode.c.h; path = SBJsonBase.h; sourceTree = "<group>"; };
		103AB48014D2944A0020F9E1 /* SBJsonBase.m */ = {isa = PBXFileReference; fileEncoding = 4; lastKnownFileType = sourcecode.c.objc; path = SBJsonBase.m; sourceTree = "<group>"; };
		103AB48114D2944A0020F9E1 /* SBJsonParser.h */ = {isa = PBXFileReference; fileEncoding = 4; lastKnownFileType = sourcecode.c.h; path = SBJsonParser.h; sourceTree = "<group>"; };
		103AB48214D2944A0020F9E1 /* SBJsonParser.m */ = {isa = PBXFileReference; fileEncoding = 4; lastKnownFileType = sourcecode.c.objc; path = SBJsonParser.m; sourceTree = "<group>"; };
		103AB48314D2944A0020F9E1 /* SBJsonWriter.h */ = {isa = PBXFileReference; fileEncoding = 4; lastKnownFileType = sourcecode.c.h; path = SBJsonWriter.h; sourceTree = "<group>"; };
		103AB48414D2944A0020F9E1 /* SBJsonWriter.m */ = {isa = PBXFileReference; fileEncoding = 4; lastKnownFileType = sourcecode.c.objc; path = SBJsonWriter.m; sourceTree = "<group>"; };
		103AB48514D2944A0020F9E1 /* UICGClientGeocoder.h */ = {isa = PBXFileReference; fileEncoding = 4; lastKnownFileType = sourcecode.c.h; path = UICGClientGeocoder.h; sourceTree = "<group>"; };
		103AB48614D2944A0020F9E1 /* UICGClientGeocoder.m */ = {isa = PBXFileReference; fileEncoding = 4; lastKnownFileType = sourcecode.c.objc; path = UICGClientGeocoder.m; sourceTree = "<group>"; };
		103AB48714D2944A0020F9E1 /* UICGDirections.h */ = {isa = PBXFileReference; fileEncoding = 4; lastKnownFileType = sourcecode.c.h; path = UICGDirections.h; sourceTree = "<group>"; };
		103AB48814D2944A0020F9E1 /* UICGDirections.m */ = {isa = PBXFileReference; fileEncoding = 4; lastKnownFileType = sourcecode.c.objc; path = UICGDirections.m; sourceTree = "<group>"; };
		103AB48914D2944A0020F9E1 /* UICGDirectionsOptions.h */ = {isa = PBXFileReference; fileEncoding = 4; lastKnownFileType = sourcecode.c.h; path = UICGDirectionsOptions.h; sourceTree = "<group>"; };
		103AB48A14D2944A0020F9E1 /* UICGDirectionsOptions.m */ = {isa = PBXFileReference; fileEncoding = 4; lastKnownFileType = sourcecode.c.objc; path = UICGDirectionsOptions.m; sourceTree = "<group>"; };
		103AB48B14D2944A0020F9E1 /* UICGoogleMapsAPI.h */ = {isa = PBXFileReference; fileEncoding = 4; lastKnownFileType = sourcecode.c.h; path = UICGoogleMapsAPI.h; sourceTree = "<group>"; };
		103AB48C14D2944A0020F9E1 /* UICGoogleMapsAPI.m */ = {isa = PBXFileReference; fileEncoding = 4; lastKnownFileType = sourcecode.c.objc; path = UICGoogleMapsAPI.m; sourceTree = "<group>"; };
		103AB48D14D2944A0020F9E1 /* UICGPolyline.h */ = {isa = PBXFileReference; fileEncoding = 4; lastKnownFileType = sourcecode.c.h; path = UICGPolyline.h; sourceTree = "<group>"; };
		103AB48E14D2944A0020F9E1 /* UICGPolyline.m */ = {isa = PBXFileReference; fileEncoding = 4; lastKnownFileType = sourcecode.c.objc; path = UICGPolyline.m; sourceTree = "<group>"; };
		103AB48F14D2944A0020F9E1 /* UICGRoute.h */ = {isa = PBXFileReference; fileEncoding = 4; lastKnownFileType = sourcecode.c.h; path = UICGRoute.h; sourceTree = "<group>"; };
		103AB49014D2944A0020F9E1 /* UICGRoute.m */ = {isa = PBXFileReference; fileEncoding = 4; lastKnownFileType = sourcecode.c.objc; path = UICGRoute.m; sourceTree = "<group>"; };
		103AB49114D2944A0020F9E1 /* UICGStep.h */ = {isa = PBXFileReference; fileEncoding = 4; lastKnownFileType = sourcecode.c.h; path = UICGStep.h; sourceTree = "<group>"; };
		103AB49214D2944A0020F9E1 /* UICGStep.m */ = {isa = PBXFileReference; fileEncoding = 4; lastKnownFileType = sourcecode.c.objc; path = UICGStep.m; sourceTree = "<group>"; };
		103AB49314D2944A0020F9E1 /* UICRouteAnnotation.h */ = {isa = PBXFileReference; fileEncoding = 4; lastKnownFileType = sourcecode.c.h; path = UICRouteAnnotation.h; sourceTree = "<group>"; };
		103AB49414D2944A0020F9E1 /* UICRouteAnnotation.m */ = {isa = PBXFileReference; fileEncoding = 4; lastKnownFileType = sourcecode.c.objc; path = UICRouteAnnotation.m; sourceTree = "<group>"; };
		103AB49514D2944A0020F9E1 /* UICRouteOverlayMapView.h */ = {isa = PBXFileReference; fileEncoding = 4; lastKnownFileType = sourcecode.c.h; path = UICRouteOverlayMapView.h; sourceTree = "<group>"; };
		103AB49614D2944A0020F9E1 /* UICRouteOverlayMapView.m */ = {isa = PBXFileReference; fileEncoding = 4; lastKnownFileType = sourcecode.c.objc; path = UICRouteOverlayMapView.m; sourceTree = "<group>"; };
		103AB4AD14D2999B0020F9E1 /* CoreLocation.framework */ = {isa = PBXFileReference; lastKnownFileType = wrapper.framework; name = CoreLocation.framework; path = System/Library/Frameworks/CoreLocation.framework; sourceTree = SDKROOT; };
		103AB4AF14D699530020F9E1 /* ScheduleData.h */ = {isa = PBXFileReference; fileEncoding = 4; lastKnownFileType = sourcecode.c.h; path = ScheduleData.h; sourceTree = "<group>"; };
		103AB4B014D699530020F9E1 /* ScheduleData.m */ = {isa = PBXFileReference; fileEncoding = 4; lastKnownFileType = sourcecode.c.objc; path = ScheduleData.m; sourceTree = "<group>"; };
		10484BA014D949A300BD122C /* api.html */ = {isa = PBXFileReference; fileEncoding = 4; lastKnownFileType = text.html; path = api.html; sourceTree = "<group>"; };
		10484BA114D949A300BD122C /* json2.js */ = {isa = PBXFileReference; fileEncoding = 4; lastKnownFileType = sourcecode.javascript; path = json2.js; sourceTree = "<group>"; };
		10484BA514D99D7400BD122C /* Icon.png */ = {isa = PBXFileReference; lastKnownFileType = image.png; path = Icon.png; sourceTree = "<group>"; };
		10484BA614D99D7400BD122C /* add.png */ = {isa = PBXFileReference; lastKnownFileType = image.png; path = add.png; sourceTree = "<group>"; };
		10484BA714D99D7400BD122C /* remove.png */ = {isa = PBXFileReference; lastKnownFileType = image.png; path = remove.png; sourceTree = "<group>"; };
		10484BA814D99D7400BD122C /* reticle.png */ = {isa = PBXFileReference; lastKnownFileType = image.png; path = reticle.png; sourceTree = "<group>"; };
		10484BA914D99D7400BD122C /* map_pin.png */ = {isa = PBXFileReference; lastKnownFileType = image.png; path = map_pin.png; sourceTree = "<group>"; };
		10484BAA14D99D7400BD122C /* list.png */ = {isa = PBXFileReference; lastKnownFileType = image.png; path = list.png; sourceTree = "<group>"; };
		107A42F314DD0F3700EE41B0 /* ModalDatePickerViewController.h */ = {isa = PBXFileReference; fileEncoding = 4; lastKnownFileType = sourcecode.c.h; path = ModalDatePickerViewController.h; sourceTree = "<group>"; };
		107A42F414DD0F3700EE41B0 /* ModalDatePickerViewController.m */ = {isa = PBXFileReference; fileEncoding = 4; lastKnownFileType = sourcecode.c.objc; path = ModalDatePickerViewController.m; sourceTree = "<group>"; };
		107A42F514DD0F3700EE41B0 /* ModalDatePickerViewController.xib */ = {isa = PBXFileReference; fileEncoding = 4; lastKnownFileType = file.xib; path = ModalDatePickerViewController.xib; sourceTree = "<group>"; };
		10A6226814DE960A005BBBEA /* ButtonEditableCell.h */ = {isa = PBXFileReference; fileEncoding = 4; lastKnownFileType = sourcecode.c.h; path = ButtonEditableCell.h; sourceTree = "<group>"; };
		10A6226914DE960A005BBBEA /* ButtonEditableCell.m */ = {isa = PBXFileReference; fileEncoding = 4; lastKnownFileType = sourcecode.c.objc; path = ButtonEditableCell.m; sourceTree = "<group>"; };
		10A6226A14DE960A005BBBEA /* ButtonEditableCell.xib */ = {isa = PBXFileReference; fileEncoding = 4; lastKnownFileType = file.xib; path = ButtonEditableCell.xib; sourceTree = "<group>"; };
		10B035A714E43AF100B74C8B /* DetailMapViewController.h */ = {isa = PBXFileReference; fileEncoding = 4; lastKnownFileType = sourcecode.c.h; path = DetailMapViewController.h; sourceTree = "<group>"; };
		10B035A814E43AF100B74C8B /* DetailMapViewController.m */ = {isa = PBXFileReference; fileEncoding = 4; lastKnownFileType = sourcecode.c.objc; path = DetailMapViewController.m; sourceTree = "<group>"; };
		112079A114BB291B008B2E86 /* EventKit.framework */ = {isa = PBXFileReference; lastKnownFileType = wrapper.framework; name = EventKit.framework; path = System/Library/Frameworks/EventKit.framework; sourceTree = SDKROOT; };
		1132270A14DA8E6600FB52B0 /* DayEventViewController.h */ = {isa = PBXFileReference; fileEncoding = 4; lastKnownFileType = sourcecode.c.h; path = DayEventViewController.h; sourceTree = "<group>"; };
		1132270B14DA8E6600FB52B0 /* DayEventViewController.m */ = {isa = PBXFileReference; fileEncoding = 4; lastKnownFileType = sourcecode.c.objc; path = DayEventViewController.m; sourceTree = "<group>"; };
		1132270C14DA8E6600FB52B0 /* DayEventViewController.xib */ = {isa = PBXFileReference; fileEncoding = 4; lastKnownFileType = file.xib; path = DayEventViewController.xib; sourceTree = "<group>"; };
		11415FE514DEBD5200429E3B /* ExtendClasses.h */ = {isa = PBXFileReference; fileEncoding = 4; lastKnownFileType = sourcecode.c.h; path = ExtendClasses.h; sourceTree = "<group>"; };
		11415FE614DEBD5200429E3B /* ExtendClasses.m */ = {isa = PBXFileReference; fileEncoding = 4; lastKnownFileType = sourcecode.c.objc; path = ExtendClasses.m; sourceTree = "<group>"; };
		11415FE814DEC01A00429E3B /* back.png */ = {isa = PBXFileReference; lastKnownFileType = image.png; path = back.png; sourceTree = "<group>"; };
		1144E8FE14AB221C004017D2 /* TapkuLibrary.xcodeproj */ = {isa = PBXFileReference; lastKnownFileType = "wrapper.pb-project"; name = TapkuLibrary.xcodeproj; path = Libraries/TapkuLibrary/src/TapkuLibrary.xcodeproj; sourceTree = "<group>"; };
		1144E90A14AB2225004017D2 /* TapkuLibrary.bundle */ = {isa = PBXFileReference; lastKnownFileType = "wrapper.plug-in"; name = TapkuLibrary.bundle; path = Libraries/TapkuLibrary/src/TapkuLibrary.bundle; sourceTree = "<group>"; };
		1144E90F14AB2306004017D2 /* MapKit.framework */ = {isa = PBXFileReference; lastKnownFileType = wrapper.framework; name = MapKit.framework; path = System/Library/Frameworks/MapKit.framework; sourceTree = SDKROOT; };
		1144E91014AB2306004017D2 /* QuartzCore.framework */ = {isa = PBXFileReference; lastKnownFileType = wrapper.framework; name = QuartzCore.framework; path = System/Library/Frameworks/QuartzCore.framework; sourceTree = SDKROOT; };
		11707C3114CC71B1005632E1 /* EventListViewController.h */ = {isa = PBXFileReference; fileEncoding = 4; lastKnownFileType = sourcecode.c.h; name = EventListViewController.h; path = ../EventListViewController.h; sourceTree = "<group>"; };
		11707C3214CC71B1005632E1 /* EventListViewController.m */ = {isa = PBXFileReference; fileEncoding = 4; lastKnownFileType = sourcecode.c.objc; name = EventListViewController.m; path = ../EventListViewController.m; sourceTree = "<group>"; };
		11707C3314CC71B1005632E1 /* EventListViewController.xib */ = {isa = PBXFileReference; fileEncoding = 4; lastKnownFileType = file.xib; name = EventListViewController.xib; path = ../EventListViewController.xib; sourceTree = "<group>"; };
		117AA0E314C41E7C00153C9D /* EventKitUI.framework */ = {isa = PBXFileReference; lastKnownFileType = wrapper.framework; name = EventKitUI.framework; path = System/Library/Frameworks/EventKitUI.framework; sourceTree = SDKROOT; };
		118094A014DD599E00396733 /* DBManager.h */ = {isa = PBXFileReference; fileEncoding = 4; lastKnownFileType = sourcecode.c.h; path = DBManager.h; sourceTree = "<group>"; };
		118094A114DD599E00396733 /* DBMagager.m */ = {isa = PBXFileReference; fileEncoding = 4; lastKnownFileType = sourcecode.c.objc; path = DBMagager.m; sourceTree = "<group>"; };
		118094A714DE79AF00396733 /* RouteData.h */ = {isa = PBXFileReference; fileEncoding = 4; lastKnownFileType = sourcecode.c.h; path = RouteData.h; sourceTree = "<group>"; };
		118094A814DE79AF00396733 /* RouteData.m */ = {isa = PBXFileReference; fileEncoding = 4; lastKnownFileType = sourcecode.c.objc; path = RouteData.m; sourceTree = "<group>"; };
		118094DB14DE986D00396733 /* SSEventViewController.h */ = {isa = PBXFileReference; fileEncoding = 4; lastKnownFileType = sourcecode.c.h; path = SSEventViewController.h; sourceTree = "<group>"; };
		118094DC14DE986D00396733 /* SSEventViewController.m */ = {isa = PBXFileReference; fileEncoding = 4; lastKnownFileType = sourcecode.c.objc; path = SSEventViewController.m; sourceTree = "<group>"; };
		118094DD14DE986D00396733 /* SSEventViewController.xib */ = {isa = PBXFileReference; fileEncoding = 4; lastKnownFileType = file.xib; path = SSEventViewController.xib; sourceTree = "<group>"; };
		1181DF1614AB17F9001E7780 /* SisSis.app */ = {isa = PBXFileReference; explicitFileType = wrapper.application; includeInIndex = 0; path = SisSis.app; sourceTree = BUILT_PRODUCTS_DIR; };
		1181DF1A14AB17F9001E7780 /* UIKit.framework */ = {isa = PBXFileReference; lastKnownFileType = wrapper.framework; name = UIKit.framework; path = System/Library/Frameworks/UIKit.framework; sourceTree = SDKROOT; };
		1181DF1C14AB17F9001E7780 /* Foundation.framework */ = {isa = PBXFileReference; lastKnownFileType = wrapper.framework; name = Foundation.framework; path = System/Library/Frameworks/Foundation.framework; sourceTree = SDKROOT; };
		1181DF1E14AB17F9001E7780 /* CoreGraphics.framework */ = {isa = PBXFileReference; lastKnownFileType = wrapper.framework; name = CoreGraphics.framework; path = System/Library/Frameworks/CoreGraphics.framework; sourceTree = SDKROOT; };
		1181DF2214AB17F9001E7780 /* SisSis-Info.plist */ = {isa = PBXFileReference; lastKnownFileType = text.plist.xml; path = "SisSis-Info.plist"; sourceTree = "<group>"; };
		1181DF2414AB17F9001E7780 /* en */ = {isa = PBXFileReference; lastKnownFileType = text.plist.strings; name = en; path = en.lproj/InfoPlist.strings; sourceTree = "<group>"; };
		1181DF2614AB17F9001E7780 /* main.m */ = {isa = PBXFileReference; lastKnownFileType = sourcecode.c.objc; path = main.m; sourceTree = "<group>"; };
		1181DF2814AB17F9001E7780 /* SisSis-Prefix.pch */ = {isa = PBXFileReference; lastKnownFileType = sourcecode.c.h; path = "SisSis-Prefix.pch"; sourceTree = "<group>"; };
		1181DF2914AB17F9001E7780 /* SisSisAppDelegate.h */ = {isa = PBXFileReference; lastKnownFileType = sourcecode.c.h; path = SisSisAppDelegate.h; sourceTree = "<group>"; };
		1181DF2A14AB17F9001E7780 /* SisSisAppDelegate.m */ = {isa = PBXFileReference; lastKnownFileType = sourcecode.c.objc; path = SisSisAppDelegate.m; sourceTree = "<group>"; };
		1181DF2D14AB17F9001E7780 /* en */ = {isa = PBXFileReference; lastKnownFileType = file.xib; name = en; path = en.lproj/MainWindow.xib; sourceTree = "<group>"; };
		1181DF2F14AB17F9001E7780 /* SisSisViewController.h */ = {isa = PBXFileReference; lastKnownFileType = sourcecode.c.h; path = SisSisViewController.h; sourceTree = "<group>"; };
		1181DF3014AB17F9001E7780 /* SisSisViewController.m */ = {isa = PBXFileReference; lastKnownFileType = sourcecode.c.objc; path = SisSisViewController.m; sourceTree = "<group>"; };
		1181DF3A14AB17F9001E7780 /* SisSisTests.octest */ = {isa = PBXFileReference; explicitFileType = wrapper.cfbundle; includeInIndex = 0; path = SisSisTests.octest; sourceTree = BUILT_PRODUCTS_DIR; };
		1181DF3B14AB17F9001E7780 /* SenTestingKit.framework */ = {isa = PBXFileReference; lastKnownFileType = wrapper.framework; name = SenTestingKit.framework; path = Library/Frameworks/SenTestingKit.framework; sourceTree = DEVELOPER_DIR; };
		1181DF4414AB17F9001E7780 /* SisSisTests-Info.plist */ = {isa = PBXFileReference; lastKnownFileType = text.plist.xml; path = "SisSisTests-Info.plist"; sourceTree = "<group>"; };
		1181DF4614AB17FA001E7780 /* en */ = {isa = PBXFileReference; lastKnownFileType = text.plist.strings; name = en; path = en.lproj/InfoPlist.strings; sourceTree = "<group>"; };
		1181DF4814AB17FA001E7780 /* SisSisTests.h */ = {isa = PBXFileReference; lastKnownFileType = sourcecode.c.h; path = SisSisTests.h; sourceTree = "<group>"; };
		1181DF4A14AB17FA001E7780 /* SisSisTests.m */ = {isa = PBXFileReference; lastKnownFileType = sourcecode.c.objc; path = SisSisTests.m; sourceTree = "<group>"; };
		11B49F6314CD1A2A003E4CE0 /* EventListCell.h */ = {isa = PBXFileReference; fileEncoding = 4; lastKnownFileType = sourcecode.c.h; path = EventListCell.h; sourceTree = "<group>"; };
		11B49F6414CD1A2A003E4CE0 /* EventListCell.m */ = {isa = PBXFileReference; fileEncoding = 4; lastKnownFileType = sourcecode.c.objc; path = EventListCell.m; sourceTree = "<group>"; };
		11B49F6514CD1A2A003E4CE0 /* EventListCell.xib */ = {isa = PBXFileReference; fileEncoding = 4; lastKnownFileType = file.xib; path = EventListCell.xib; sourceTree = "<group>"; };
		11B49F7114CF0D42003E4CE0 /* libsqlite3.0.dylib */ = {isa = PBXFileReference; lastKnownFileType = "compiled.mach-o.dylib"; name = libsqlite3.0.dylib; path = usr/lib/libsqlite3.0.dylib; sourceTree = SDKROOT; };
		11B49F8814CF20C6003E4CE0 /* FMDatabase.h */ = {isa = PBXFileReference; fileEncoding = 4; lastKnownFileType = sourcecode.c.h; path = FMDatabase.h; sourceTree = "<group>"; };
		11B49F8914CF20C6003E4CE0 /* FMDatabase.m */ = {isa = PBXFileReference; fileEncoding = 4; lastKnownFileType = sourcecode.c.objc; path = FMDatabase.m; sourceTree = "<group>"; };
		11B49F8A14CF20C6003E4CE0 /* FMDatabaseAdditions.h */ = {isa = PBXFileReference; fileEncoding = 4; lastKnownFileType = sourcecode.c.h; path = FMDatabaseAdditions.h; sourceTree = "<group>"; };
		11B49F8B14CF20C6003E4CE0 /* FMDatabaseAdditions.m */ = {isa = PBXFileReference; fileEncoding = 4; lastKnownFileType = sourcecode.c.objc; path = FMDatabaseAdditions.m; sourceTree = "<group>"; };
		11B49F8D14CF20C6003E4CE0 /* FMResultSet.h */ = {isa = PBXFileReference; fileEncoding = 4; lastKnownFileType = sourcecode.c.h; path = FMResultSet.h; sourceTree = "<group>"; };
		11B49F8E14CF20C6003E4CE0 /* FMResultSet.m */ = {isa = PBXFileReference; fileEncoding = 4; lastKnownFileType = sourcecode.c.objc; path = FMResultSet.m; sourceTree = "<group>"; };
		11DCBA9A14E2EFEE000F9471 /* EventRectView.h */ = {isa = PBXFileReference; fileEncoding = 4; lastKnownFileType = sourcecode.c.h; path = EventRectView.h; sourceTree = "<group>"; };
		11DCBA9B14E2EFEE000F9471 /* EventRectView.m */ = {isa = PBXFileReference; fileEncoding = 4; lastKnownFileType = sourcecode.c.objc; path = EventRectView.m; sourceTree = "<group>"; };
		11EBFFE414B4985B00C93D06 /* SisSisViewController.xib */ = {isa = PBXFileReference; fileEncoding = 4; lastKnownFileType = file.xib; path = SisSisViewController.xib; sourceTree = "<group>"; };
/* End PBXFileReference section */

/* Begin PBXFrameworksBuildPhase section */
		1181DF1314AB17F9001E7780 /* Frameworks */ = {
			isa = PBXFrameworksBuildPhase;
			buildActionMask = 2147483647;
			files = (
				102305A514E16A3A00EF7D9A /* EventKitUI.framework in Frameworks */,
				102305A314E168C300EF7D9A /* EventKit.framework in Frameworks */,
				103AB4AE14D2999B0020F9E1 /* CoreLocation.framework in Frameworks */,
				11B49F7214CF0D42003E4CE0 /* libsqlite3.0.dylib in Frameworks */,
				1144E91114AB2306004017D2 /* MapKit.framework in Frameworks */,
				1144E91214AB2306004017D2 /* QuartzCore.framework in Frameworks */,
				1144E90E14AB22EE004017D2 /* libTapkuLibrary.a in Frameworks */,
				1181DF1B14AB17F9001E7780 /* UIKit.framework in Frameworks */,
				1181DF1D14AB17F9001E7780 /* Foundation.framework in Frameworks */,
				1181DF1F14AB17F9001E7780 /* CoreGraphics.framework in Frameworks */,
			);
			runOnlyForDeploymentPostprocessing = 0;
		};
		1181DF3614AB17F9001E7780 /* Frameworks */ = {
			isa = PBXFrameworksBuildPhase;
			buildActionMask = 2147483647;
			files = (
				1181DF3C14AB17F9001E7780 /* SenTestingKit.framework in Frameworks */,
				1181DF3D14AB17F9001E7780 /* UIKit.framework in Frameworks */,
				1181DF3E14AB17F9001E7780 /* Foundation.framework in Frameworks */,
				1181DF3F14AB17F9001E7780 /* CoreGraphics.framework in Frameworks */,
			);
			runOnlyForDeploymentPostprocessing = 0;
		};
/* End PBXFrameworksBuildPhase section */

/* Begin PBXGroup section */
		1034061414C425620049DE5D /* AddSchedule */ = {
			isa = PBXGroup;
			children = (
				10484BA414D949AC00BD122C /* DepartureDecide */,
				1034061A14C425D60049DE5D /* TableParts */,
				1034061514C425BE0049DE5D /* AddScheduleViewController.h */,
				1034061614C425BE0049DE5D /* AddScheduleViewController.m */,
				1034061714C425BE0049DE5D /* AddScheduleViewController.xib */,
				103AB4AF14D699530020F9E1 /* ScheduleData.h */,
				103AB4B014D699530020F9E1 /* ScheduleData.m */,
				102EAE1314E3BF0900BFD26D /* WorkTimeDecideViewController.h */,
				102EAE1414E3BF0900BFD26D /* WorkTimeDecideViewController.m */,
				102EAE1514E3BF0900BFD26D /* WorkTimeDecideViewController.xib */,
			);
			name = AddSchedule;
			sourceTree = "<group>";
		};
		1034061A14C425D60049DE5D /* TableParts */ = {
			isa = PBXGroup;
			children = (
				10A6226814DE960A005BBBEA /* ButtonEditableCell.h */,
				10A6226914DE960A005BBBEA /* ButtonEditableCell.m */,
				10A6226A14DE960A005BBBEA /* ButtonEditableCell.xib */,
				1034061B14C425ED0049DE5D /* EditableCell.xib */,
				1034061C14C425ED0049DE5D /* EditableCell.h */,
				1034061D14C425ED0049DE5D /* EditableCell.m */,
				1034061E14C425ED0049DE5D /* DoubleRowCell.xib */,
				1034061F14C425ED0049DE5D /* DoubleRowCell.h */,
				1034062014C425ED0049DE5D /* DoubleRowCell.m */,
			);
			name = TableParts;
			sourceTree = "<group>";
		};
		103AB46814D292440020F9E1 /* References */ = {
			isa = PBXGroup;
			children = (
				10484BA014D949A300BD122C /* api.html */,
				10484BA114D949A300BD122C /* json2.js */,
				10484BA514D99D7400BD122C /* Icon.png */,
				10484BA614D99D7400BD122C /* add.png */,
				10484BA714D99D7400BD122C /* remove.png */,
				10484BA814D99D7400BD122C /* reticle.png */,
				10484BA914D99D7400BD122C /* map_pin.png */,
				10484BAA14D99D7400BD122C /* list.png */,
			);
			name = References;
			sourceTree = "<group>";
		};
		103AB46F14D293EA0020F9E1 /* Classes */ = {
			isa = PBXGroup;
			children = (
				103AB47014D2944A0020F9E1 /* JSON.h */,
				103AB47114D2944A0020F9E1 /* MapDirectionsAppDelegate.h */,
				103AB47214D2944A0020F9E1 /* MapDirectionsAppDelegate.m */,
				103AB47514D2944A0020F9E1 /* NSObject+SBJSON.h */,
				103AB47614D2944A0020F9E1 /* NSObject+SBJSON.m */,
				103AB47714D2944A0020F9E1 /* NSString+SBJSON.h */,
				103AB47814D2944A0020F9E1 /* NSString+SBJSON.m */,
				103AB47D14D2944A0020F9E1 /* SBJSON.h */,
				103AB47E14D2944A0020F9E1 /* SBJSON.m */,
				103AB47F14D2944A0020F9E1 /* SBJsonBase.h */,
				103AB48014D2944A0020F9E1 /* SBJsonBase.m */,
				103AB48114D2944A0020F9E1 /* SBJsonParser.h */,
				103AB48214D2944A0020F9E1 /* SBJsonParser.m */,
				103AB48314D2944A0020F9E1 /* SBJsonWriter.h */,
				103AB48414D2944A0020F9E1 /* SBJsonWriter.m */,
				103AB48514D2944A0020F9E1 /* UICGClientGeocoder.h */,
				103AB48614D2944A0020F9E1 /* UICGClientGeocoder.m */,
				103AB48714D2944A0020F9E1 /* UICGDirections.h */,
				103AB48814D2944A0020F9E1 /* UICGDirections.m */,
				103AB48914D2944A0020F9E1 /* UICGDirectionsOptions.h */,
				103AB48A14D2944A0020F9E1 /* UICGDirectionsOptions.m */,
				103AB48B14D2944A0020F9E1 /* UICGoogleMapsAPI.h */,
				103AB48C14D2944A0020F9E1 /* UICGoogleMapsAPI.m */,
				103AB48D14D2944A0020F9E1 /* UICGPolyline.h */,
				103AB48E14D2944A0020F9E1 /* UICGPolyline.m */,
				103AB48F14D2944A0020F9E1 /* UICGRoute.h */,
				103AB49014D2944A0020F9E1 /* UICGRoute.m */,
				103AB49114D2944A0020F9E1 /* UICGStep.h */,
				103AB49214D2944A0020F9E1 /* UICGStep.m */,
				103AB49314D2944A0020F9E1 /* UICRouteAnnotation.h */,
				103AB49414D2944A0020F9E1 /* UICRouteAnnotation.m */,
				103AB49514D2944A0020F9E1 /* UICRouteOverlayMapView.h */,
				103AB49614D2944A0020F9E1 /* UICRouteOverlayMapView.m */,
			);
			name = Classes;
			sourceTree = "<group>";
		};
		10484BA414D949AC00BD122C /* DepartureDecide */ = {
			isa = PBXGroup;
			children = (
				101B522014CABF91005534FD /* DeparturePositionDecideViewController.h */,
				101B522114CABF92005534FD /* DeparturePositionDecideViewController.m */,
				101B522214CABF92005534FD /* DeparturePositionDecideViewController.xib */,
				101B521E14CABF77005534FD /* DepartureDecideViewController.xib */,
				101B521B14CABF6B005534FD /* DepartureDecideViewController.m */,
				101B521C14CABF6B005534FD /* DepartureDecideViewController.h */,
				103AB47314D2944A0020F9E1 /* MapDirectionsViewController.h */,
				103AB47414D2944A0020F9E1 /* MapDirectionsViewController.m */,
				103AB47914D2944A0020F9E1 /* RootViewController.h */,
				103AB47A14D2944A0020F9E1 /* RootViewController.m */,
				103AB47B14D2944A0020F9E1 /* RouteListViewController.h */,
				103AB47C14D2944A0020F9E1 /* RouteListViewController.m */,
				107A42F314DD0F3700EE41B0 /* ModalDatePickerViewController.h */,
				107A42F414DD0F3700EE41B0 /* ModalDatePickerViewController.m */,
				107A42F514DD0F3700EE41B0 /* ModalDatePickerViewController.xib */,
			);
			name = DepartureDecide;
			sourceTree = "<group>";
		};
		11415FEA14DEC19B00429E3B /* ExtendEventKit */ = {
			isa = PBXGroup;
			children = (
			);
			name = ExtendEventKit;
			sourceTree = "<group>";
		};
		1144E8FF14AB221C004017D2 /* Products */ = {
			isa = PBXGroup;
			children = (
				1144E90714AB221C004017D2 /* libTapkuLibrary.a */,
				1144E90914AB221C004017D2 /* LogicTests.octest */,
			);
			name = Products;
			sourceTree = "<group>";
		};
		11707C2814CC6F1A005632E1 /* Calender */ = {
			isa = PBXGroup;
			children = (
				10B035A714E43AF100B74C8B /* DetailMapViewController.h */,
				10B035A814E43AF100B74C8B /* DetailMapViewController.m */,
				1181DF2F14AB17F9001E7780 /* SisSisViewController.h */,
				1181DF3014AB17F9001E7780 /* SisSisViewController.m */,
				11EBFFE414B4985B00C93D06 /* SisSisViewController.xib */,
				11707C3114CC71B1005632E1 /* EventListViewController.h */,
				11707C3214CC71B1005632E1 /* EventListViewController.m */,
				11707C3314CC71B1005632E1 /* EventListViewController.xib */,
				1132270A14DA8E6600FB52B0 /* DayEventViewController.h */,
				1132270B14DA8E6600FB52B0 /* DayEventViewController.m */,
				1132270C14DA8E6600FB52B0 /* DayEventViewController.xib */,
				11DCBA9A14E2EFEE000F9471 /* EventRectView.h */,
				11DCBA9B14E2EFEE000F9471 /* EventRectView.m */,
				11415FE814DEC01A00429E3B /* back.png */,
				11415FE514DEBD5200429E3B /* ExtendClasses.h */,
				11415FE614DEBD5200429E3B /* ExtendClasses.m */,
				11415FEA14DEC19B00429E3B /* ExtendEventKit */,
				118094B414DE8E5F00396733 /* DetailView */,
				11B49F7014CF0C01003E4CE0 /* TableParts */,
			);
			name = Calender;
			sourceTree = "<group>";
		};
		118094B414DE8E5F00396733 /* DetailView */ = {
			isa = PBXGroup;
			children = (
				118094DB14DE986D00396733 /* SSEventViewController.h */,
				118094DC14DE986D00396733 /* SSEventViewController.m */,
				118094DD14DE986D00396733 /* SSEventViewController.xib */,
			);
			name = DetailView;
			sourceTree = "<group>";
		};
		1181DF0B14AB17F9001E7780 = {
			isa = PBXGroup;
			children = (
				103AB4AD14D2999B0020F9E1 /* CoreLocation.framework */,
				11B49F7114CF0D42003E4CE0 /* libsqlite3.0.dylib */,
				1181DF2014AB17F9001E7780 /* SisSis */,
				1181DF4214AB17F9001E7780 /* SisSisTests */,
				1181DF1914AB17F9001E7780 /* Frameworks */,
				1181DF1714AB17F9001E7780 /* Products */,
				103AB46F14D293EA0020F9E1 /* Classes */,
				103AB46814D292440020F9E1 /* References */,
			);
			sourceTree = "<group>";
		};
		1181DF1714AB17F9001E7780 /* Products */ = {
			isa = PBXGroup;
			children = (
				1181DF1614AB17F9001E7780 /* SisSis.app */,
				1181DF3A14AB17F9001E7780 /* SisSisTests.octest */,
			);
			name = Products;
			sourceTree = "<group>";
		};
		1181DF1914AB17F9001E7780 /* Frameworks */ = {
			isa = PBXGroup;
			children = (
				117AA0E314C41E7C00153C9D /* EventKitUI.framework */,
				112079A114BB291B008B2E86 /* EventKit.framework */,
				1144E90F14AB2306004017D2 /* MapKit.framework */,
				1144E91014AB2306004017D2 /* QuartzCore.framework */,
				1144E90A14AB2225004017D2 /* TapkuLibrary.bundle */,
				1144E8FE14AB221C004017D2 /* TapkuLibrary.xcodeproj */,
				1181DF1A14AB17F9001E7780 /* UIKit.framework */,
				1181DF1C14AB17F9001E7780 /* Foundation.framework */,
				1181DF1E14AB17F9001E7780 /* CoreGraphics.framework */,
				1181DF3B14AB17F9001E7780 /* SenTestingKit.framework */,
			);
			name = Frameworks;
			sourceTree = "<group>";
		};
		1181DF2014AB17F9001E7780 /* SisSis */ = {
			isa = PBXGroup;
			children = (
				1181DF2914AB17F9001E7780 /* SisSisAppDelegate.h */,
				1181DF2A14AB17F9001E7780 /* SisSisAppDelegate.m */,
				1181DF2C14AB17F9001E7780 /* MainWindow.xib */,
				1034061414C425620049DE5D /* AddSchedule */,
				11B49F8014CF1CD4003E4CE0 /* Sqlite */,
				11707C2814CC6F1A005632E1 /* Calender */,
				1181DF2114AB17F9001E7780 /* Supporting Files */,
			);
			path = SisSis;
			sourceTree = "<group>";
		};
		1181DF2114AB17F9001E7780 /* Supporting Files */ = {
			isa = PBXGroup;
			children = (
				1181DF2214AB17F9001E7780 /* SisSis-Info.plist */,
				1181DF2314AB17F9001E7780 /* InfoPlist.strings */,
				1181DF2614AB17F9001E7780 /* main.m */,
				1181DF2814AB17F9001E7780 /* SisSis-Prefix.pch */,
			);
			name = "Supporting Files";
			sourceTree = "<group>";
		};
		1181DF4214AB17F9001E7780 /* SisSisTests */ = {
			isa = PBXGroup;
			children = (
				1181DF4814AB17FA001E7780 /* SisSisTests.h */,
				1181DF4A14AB17FA001E7780 /* SisSisTests.m */,
				1181DF4314AB17F9001E7780 /* Supporting Files */,
			);
			path = SisSisTests;
			sourceTree = "<group>";
		};
		1181DF4314AB17F9001E7780 /* Supporting Files */ = {
			isa = PBXGroup;
			children = (
				1181DF4414AB17F9001E7780 /* SisSisTests-Info.plist */,
				1181DF4514AB17FA001E7780 /* InfoPlist.strings */,
			);
			name = "Supporting Files";
			sourceTree = "<group>";
		};
		11B49F7014CF0C01003E4CE0 /* TableParts */ = {
			isa = PBXGroup;
			children = (
				11B49F6314CD1A2A003E4CE0 /* EventListCell.h */,
				11B49F6414CD1A2A003E4CE0 /* EventListCell.m */,
				11B49F6514CD1A2A003E4CE0 /* EventListCell.xib */,
			);
			name = TableParts;
			sourceTree = "<group>";
		};
		11B49F8014CF1CD4003E4CE0 /* Sqlite */ = {
			isa = PBXGroup;
			children = (
				11B49F8714CF20A7003E4CE0 /* FMDB */,
				118094A014DD599E00396733 /* DBManager.h */,
				118094A114DD599E00396733 /* DBMagager.m */,
				118094A714DE79AF00396733 /* RouteData.h */,
				118094A814DE79AF00396733 /* RouteData.m */,
			);
			name = Sqlite;
			sourceTree = "<group>";
		};
		11B49F8714CF20A7003E4CE0 /* FMDB */ = {
			isa = PBXGroup;
			children = (
				11B49F8814CF20C6003E4CE0 /* FMDatabase.h */,
				11B49F8914CF20C6003E4CE0 /* FMDatabase.m */,
				11B49F8A14CF20C6003E4CE0 /* FMDatabaseAdditions.h */,
				11B49F8B14CF20C6003E4CE0 /* FMDatabaseAdditions.m */,
				11B49F8D14CF20C6003E4CE0 /* FMResultSet.h */,
				11B49F8E14CF20C6003E4CE0 /* FMResultSet.m */,
			);
			name = FMDB;
			sourceTree = "<group>";
		};
/* End PBXGroup section */

/* Begin PBXNativeTarget section */
		1181DF1514AB17F9001E7780 /* SisSis */ = {
			isa = PBXNativeTarget;
			buildConfigurationList = 1181DF4E14AB17FA001E7780 /* Build configuration list for PBXNativeTarget "SisSis" */;
			buildPhases = (
				1181DF1214AB17F9001E7780 /* Sources */,
				1181DF1314AB17F9001E7780 /* Frameworks */,
				1181DF1414AB17F9001E7780 /* Resources */,
			);
			buildRules = (
			);
			dependencies = (
				1144E90D14AB22DF004017D2 /* PBXTargetDependency */,
			);
			name = SisSis;
			productName = SisSis;
			productReference = 1181DF1614AB17F9001E7780 /* SisSis.app */;
			productType = "com.apple.product-type.application";
		};
		1181DF3914AB17F9001E7780 /* SisSisTests */ = {
			isa = PBXNativeTarget;
			buildConfigurationList = 1181DF5114AB17FA001E7780 /* Build configuration list for PBXNativeTarget "SisSisTests" */;
			buildPhases = (
				1181DF3514AB17F9001E7780 /* Sources */,
				1181DF3614AB17F9001E7780 /* Frameworks */,
				1181DF3714AB17F9001E7780 /* Resources */,
				1181DF3814AB17F9001E7780 /* ShellScript */,
			);
			buildRules = (
			);
			dependencies = (
				1181DF4114AB17F9001E7780 /* PBXTargetDependency */,
			);
			name = SisSisTests;
			productName = SisSisTests;
			productReference = 1181DF3A14AB17F9001E7780 /* SisSisTests.octest */;
			productType = "com.apple.product-type.bundle";
		};
/* End PBXNativeTarget section */

/* Begin PBXProject section */
		1181DF0D14AB17F9001E7780 /* Project object */ = {
			isa = PBXProject;
			attributes = {
				LastUpgradeCheck = 0420;
				ORGANIZATIONNAME = "東京工業大学";
			};
			buildConfigurationList = 1181DF1014AB17F9001E7780 /* Build configuration list for PBXProject "SisSis" */;
			compatibilityVersion = "Xcode 3.2";
			developmentRegion = English;
			hasScannedForEncodings = 0;
			knownRegions = (
				en,
			);
			mainGroup = 1181DF0B14AB17F9001E7780;
			productRefGroup = 1181DF1714AB17F9001E7780 /* Products */;
			projectDirPath = "";
			projectReferences = (
				{
					ProductGroup = 1144E8FF14AB221C004017D2 /* Products */;
					ProjectRef = 1144E8FE14AB221C004017D2 /* TapkuLibrary.xcodeproj */;
				},
			);
			projectRoot = "";
			targets = (
				1181DF1514AB17F9001E7780 /* SisSis */,
				1181DF3914AB17F9001E7780 /* SisSisTests */,
			);
		};
/* End PBXProject section */

/* Begin PBXReferenceProxy section */
		1144E90714AB221C004017D2 /* libTapkuLibrary.a */ = {
			isa = PBXReferenceProxy;
			fileType = archive.ar;
			path = libTapkuLibrary.a;
			remoteRef = 1144E90614AB221C004017D2 /* PBXContainerItemProxy */;
			sourceTree = BUILT_PRODUCTS_DIR;
		};
		1144E90914AB221C004017D2 /* LogicTests.octest */ = {
			isa = PBXReferenceProxy;
			fileType = wrapper.cfbundle;
			path = LogicTests.octest;
			remoteRef = 1144E90814AB221C004017D2 /* PBXContainerItemProxy */;
			sourceTree = BUILT_PRODUCTS_DIR;
		};
/* End PBXReferenceProxy section */

/* Begin PBXResourcesBuildPhase section */
		1181DF1414AB17F9001E7780 /* Resources */ = {
			isa = PBXResourcesBuildPhase;
			buildActionMask = 2147483647;
			files = (
				1181DF2514AB17F9001E7780 /* InfoPlist.strings in Resources */,
				1181DF2E14AB17F9001E7780 /* MainWindow.xib in Resources */,
				1144E90B14AB2225004017D2 /* TapkuLibrary.bundle in Resources */,
				11EBFFE514B4985B00C93D06 /* SisSisViewController.xib in Resources */,
				1034061914C425BE0049DE5D /* AddScheduleViewController.xib in Resources */,
				1034062114C425ED0049DE5D /* EditableCell.xib in Resources */,
				1034062314C425ED0049DE5D /* DoubleRowCell.xib in Resources */,
				101B521F14CABF77005534FD /* DepartureDecideViewController.xib in Resources */,
				101B522414CABF92005534FD /* DeparturePositionDecideViewController.xib in Resources */,
				11707C3514CC71B1005632E1 /* EventListViewController.xib in Resources */,
				11B49F6714CD1A2A003E4CE0 /* EventListCell.xib in Resources */,
				10484BA214D949A300BD122C /* api.html in Resources */,
				10484BAB14D99D7400BD122C /* Icon.png in Resources */,
				10484BAC14D99D7400BD122C /* add.png in Resources */,
				10484BAD14D99D7400BD122C /* remove.png in Resources */,
				10484BAE14D99D7400BD122C /* reticle.png in Resources */,
				10484BAF14D99D7400BD122C /* map_pin.png in Resources */,
				10484BB014D99D7400BD122C /* list.png in Resources */,
				1132270E14DA8E6600FB52B0 /* DayEventViewController.xib in Resources */,
				107A42F714DD0F3700EE41B0 /* ModalDatePickerViewController.xib in Resources */,
				10A6226C14DE960A005BBBEA /* ButtonEditableCell.xib in Resources */,
				118094DF14DE986D00396733 /* SSEventViewController.xib in Resources */,
				11415FE914DEC01A00429E3B /* back.png in Resources */,
				102EAE1714E3BF0900BFD26D /* WorkTimeDecideViewController.xib in Resources */,
			);
			runOnlyForDeploymentPostprocessing = 0;
		};
		1181DF3714AB17F9001E7780 /* Resources */ = {
			isa = PBXResourcesBuildPhase;
			buildActionMask = 2147483647;
			files = (
				1181DF4714AB17FA001E7780 /* InfoPlist.strings in Resources */,
				1181DF4914AB17FA001E7780 /* SisSisTests.h in Resources */,
			);
			runOnlyForDeploymentPostprocessing = 0;
		};
/* End PBXResourcesBuildPhase section */

/* Begin PBXShellScriptBuildPhase section */
		1181DF3814AB17F9001E7780 /* ShellScript */ = {
			isa = PBXShellScriptBuildPhase;
			buildActionMask = 2147483647;
			files = (
			);
			inputPaths = (
			);
			outputPaths = (
			);
			runOnlyForDeploymentPostprocessing = 0;
			shellPath = /bin/sh;
			shellScript = "# Run the unit tests in this test bundle.\n\"${SYSTEM_DEVELOPER_DIR}/Tools/RunUnitTests\"\n";
		};
/* End PBXShellScriptBuildPhase section */

/* Begin PBXSourcesBuildPhase section */
		1181DF1214AB17F9001E7780 /* Sources */ = {
			isa = PBXSourcesBuildPhase;
			buildActionMask = 2147483647;
			files = (
				1181DF2714AB17F9001E7780 /* main.m in Sources */,
				1181DF2B14AB17F9001E7780 /* SisSisAppDelegate.m in Sources */,
				1181DF3114AB17F9001E7780 /* SisSisViewController.m in Sources */,
				1034061814C425BE0049DE5D /* AddScheduleViewController.m in Sources */,
				1034062214C425ED0049DE5D /* EditableCell.m in Sources */,
				1034062414C425ED0049DE5D /* DoubleRowCell.m in Sources */,
				101B521D14CABF6C005534FD /* DepartureDecideViewController.m in Sources */,
				101B522314CABF92005534FD /* DeparturePositionDecideViewController.m in Sources */,
				11707C3414CC71B1005632E1 /* EventListViewController.m in Sources */,
				11B49F6614CD1A2A003E4CE0 /* EventListCell.m in Sources */,
				11B49F8F14CF20C6003E4CE0 /* FMDatabase.m in Sources */,
				11B49F9014CF20C6003E4CE0 /* FMDatabaseAdditions.m in Sources */,
				11B49F9214CF20C6003E4CE0 /* FMResultSet.m in Sources */,
				103AB49714D2944A0020F9E1 /* MapDirectionsAppDelegate.m in Sources */,
				103AB49814D2944A0020F9E1 /* MapDirectionsViewController.m in Sources */,
				103AB49914D2944A0020F9E1 /* NSObject+SBJSON.m in Sources */,
				103AB49A14D2944A0020F9E1 /* NSString+SBJSON.m in Sources */,
				103AB49B14D2944A0020F9E1 /* RootViewController.m in Sources */,
				103AB49C14D2944A0020F9E1 /* RouteListViewController.m in Sources */,
				103AB49D14D2944A0020F9E1 /* SBJSON.m in Sources */,
				103AB49E14D2944A0020F9E1 /* SBJsonBase.m in Sources */,
				103AB49F14D2944A0020F9E1 /* SBJsonParser.m in Sources */,
				103AB4A014D2944A0020F9E1 /* SBJsonWriter.m in Sources */,
				103AB4A114D2944A0020F9E1 /* UICGClientGeocoder.m in Sources */,
				103AB4A214D2944A0020F9E1 /* UICGDirections.m in Sources */,
				103AB4A314D2944A0020F9E1 /* UICGDirectionsOptions.m in Sources */,
				103AB4A414D2944A0020F9E1 /* UICGoogleMapsAPI.m in Sources */,
				103AB4A514D2944A0020F9E1 /* UICGPolyline.m in Sources */,
				103AB4A614D2944A0020F9E1 /* UICGRoute.m in Sources */,
				103AB4A714D2944A0020F9E1 /* UICGStep.m in Sources */,
				103AB4A814D2944A0020F9E1 /* UICRouteAnnotation.m in Sources */,
				103AB4A914D2944A0020F9E1 /* UICRouteOverlayMapView.m in Sources */,
				103AB4B114D699530020F9E1 /* ScheduleData.m in Sources */,
				10484BA314D949A300BD122C /* json2.js in Sources */,
				1132270D14DA8E6600FB52B0 /* DayEventViewController.m in Sources */,
				107A42F614DD0F3700EE41B0 /* ModalDatePickerViewController.m in Sources */,
				118094A214DD599E00396733 /* DBMagager.m in Sources */,
				118094A914DE79AF00396733 /* RouteData.m in Sources */,
				10A6226B14DE960A005BBBEA /* ButtonEditableCell.m in Sources */,
				118094DE14DE986D00396733 /* SSEventViewController.m in Sources */,
				11415FE714DEBD5200429E3B /* ExtendClasses.m in Sources */,
				11DCBA9C14E2EFEF000F9471 /* EventRectView.m in Sources */,
				102EAE1614E3BF0900BFD26D /* WorkTimeDecideViewController.m in Sources */,
				10B035A914E43AF100B74C8B /* DetailMapViewController.m in Sources */,
			);
			runOnlyForDeploymentPostprocessing = 0;
		};
		1181DF3514AB17F9001E7780 /* Sources */ = {
			isa = PBXSourcesBuildPhase;
			buildActionMask = 2147483647;
			files = (
				1181DF4B14AB17FA001E7780 /* SisSisTests.m in Sources */,
			);
			runOnlyForDeploymentPostprocessing = 0;
		};
/* End PBXSourcesBuildPhase section */

/* Begin PBXTargetDependency section */
		1144E90D14AB22DF004017D2 /* PBXTargetDependency */ = {
			isa = PBXTargetDependency;
			name = TapkuLibrary;
			targetProxy = 1144E90C14AB22DF004017D2 /* PBXContainerItemProxy */;
		};
		1181DF4114AB17F9001E7780 /* PBXTargetDependency */ = {
			isa = PBXTargetDependency;
			target = 1181DF1514AB17F9001E7780 /* SisSis */;
			targetProxy = 1181DF4014AB17F9001E7780 /* PBXContainerItemProxy */;
		};
/* End PBXTargetDependency section */

/* Begin PBXVariantGroup section */
		1181DF2314AB17F9001E7780 /* InfoPlist.strings */ = {
			isa = PBXVariantGroup;
			children = (
				1181DF2414AB17F9001E7780 /* en */,
			);
			name = InfoPlist.strings;
			sourceTree = "<group>";
		};
		1181DF2C14AB17F9001E7780 /* MainWindow.xib */ = {
			isa = PBXVariantGroup;
			children = (
				1181DF2D14AB17F9001E7780 /* en */,
			);
			name = MainWindow.xib;
			sourceTree = "<group>";
		};
		1181DF4514AB17FA001E7780 /* InfoPlist.strings */ = {
			isa = PBXVariantGroup;
			children = (
				1181DF4614AB17FA001E7780 /* en */,
			);
			name = InfoPlist.strings;
			sourceTree = "<group>";
		};
/* End PBXVariantGroup section */

/* Begin XCBuildConfiguration section */
		1181DF4C14AB17FA001E7780 /* Debug */ = {
			isa = XCBuildConfiguration;
			buildSettings = {
				ALWAYS_SEARCH_USER_PATHS = NO;
				ARCHS = "$(ARCHS_STANDARD_32_BIT)";
				"CODE_SIGN_IDENTITY[sdk=iphoneos*]" = "iPhone Developer";
				COPY_PHASE_STRIP = NO;
				GCC_C_LANGUAGE_STANDARD = gnu99;
				GCC_DYNAMIC_NO_PIC = NO;
				GCC_OPTIMIZATION_LEVEL = 0;
				GCC_PREPROCESSOR_DEFINITIONS = (
					"DEBUG=1",
					"$(inherited)",
				);
				GCC_SYMBOLS_PRIVATE_EXTERN = NO;
				GCC_VERSION = com.apple.compilers.llvmgcc42;
				GCC_WARN_ABOUT_MISSING_PROTOTYPES = YES;
				GCC_WARN_ABOUT_RETURN_TYPE = YES;
				GCC_WARN_UNUSED_VARIABLE = YES;
				IPHONEOS_DEPLOYMENT_TARGET = 4.3;
				ONLY_ACTIVE_ARCH = NO;
				SDKROOT = iphoneos;
			};
			name = Debug;
		};
		1181DF4D14AB17FA001E7780 /* Release */ = {
			isa = XCBuildConfiguration;
			buildSettings = {
				ALWAYS_SEARCH_USER_PATHS = NO;
				ARCHS = "$(ARCHS_STANDARD_32_BIT)";
				"CODE_SIGN_IDENTITY[sdk=iphoneos*]" = "iPhone Developer";
				COPY_PHASE_STRIP = YES;
				GCC_C_LANGUAGE_STANDARD = gnu99;
				GCC_VERSION = com.apple.compilers.llvmgcc42;
				GCC_WARN_ABOUT_MISSING_PROTOTYPES = YES;
				GCC_WARN_ABOUT_RETURN_TYPE = YES;
				GCC_WARN_UNUSED_VARIABLE = YES;
				IPHONEOS_DEPLOYMENT_TARGET = 4.3;
				ONLY_ACTIVE_ARCH = NO;
				OTHER_CFLAGS = "-DNS_BLOCK_ASSERTIONS=1";
				SDKROOT = iphoneos;
				VALIDATE_PRODUCT = YES;
			};
			name = Release;
		};
		1181DF4F14AB17FA001E7780 /* Debug */ = {
			isa = XCBuildConfiguration;
			buildSettings = {
				FRAMEWORK_SEARCH_PATHS = (
					"$(inherited)",
					"\"$(SRCROOT)\"",
				);
				GCC_PRECOMPILE_PREFIX_HEADER = YES;
				GCC_PREFIX_HEADER = "SisSis/SisSis-Prefix.pch";
				GCC_VERSION = com.apple.compilers.llvm.clang.1_0;
				HEADER_SEARCH_PATHS = "Libraries/TapkuLibrary/src/**";
				INFOPLIST_FILE = "SisSis/SisSis-Info.plist";
				OTHER_LDFLAGS = (
					"-all_load",
					"-ObjC",
				);
				PRODUCT_NAME = "$(TARGET_NAME)";
				WRAPPER_EXTENSION = app;
			};
			name = Debug;
		};
		1181DF5014AB17FA001E7780 /* Release */ = {
			isa = XCBuildConfiguration;
			buildSettings = {
				FRAMEWORK_SEARCH_PATHS = (
					"$(inherited)",
					"\"$(SRCROOT)\"",
				);
				GCC_PRECOMPILE_PREFIX_HEADER = YES;
				GCC_PREFIX_HEADER = "SisSis/SisSis-Prefix.pch";
				GCC_VERSION = com.apple.compilers.llvm.clang.1_0;
				HEADER_SEARCH_PATHS = "Libraries/TapkuLibrary/src/**";
				INFOPLIST_FILE = "SisSis/SisSis-Info.plist";
				OTHER_LDFLAGS = (
					"-all_load",
					"-ObjC",
				);
				PRODUCT_NAME = "$(TARGET_NAME)";
				WRAPPER_EXTENSION = app;
			};
			name = Release;
		};
		1181DF5214AB17FA001E7780 /* Debug */ = {
			isa = XCBuildConfiguration;
			buildSettings = {
				BUNDLE_LOADER = "$(BUILT_PRODUCTS_DIR)/SisSis.app/SisSis";
				FRAMEWORK_SEARCH_PATHS = (
					"$(SDKROOT)/Developer/Library/Frameworks",
					"$(DEVELOPER_LIBRARY_DIR)/Frameworks",
				);
				GCC_PRECOMPILE_PREFIX_HEADER = YES;
				GCC_PREFIX_HEADER = "SisSis/SisSis-Prefix.pch";
				GCC_VERSION = com.apple.compilers.llvm.clang.1_0;
				INFOPLIST_FILE = "SisSisTests/SisSisTests-Info.plist";
				PRODUCT_NAME = "$(TARGET_NAME)";
				TEST_HOST = "$(BUNDLE_LOADER)";
				WRAPPER_EXTENSION = octest;
			};
			name = Debug;
		};
		1181DF5314AB17FA001E7780 /* Release */ = {
			isa = XCBuildConfiguration;
			buildSettings = {
				BUNDLE_LOADER = "$(BUILT_PRODUCTS_DIR)/SisSis.app/SisSis";
				FRAMEWORK_SEARCH_PATHS = (
					"$(SDKROOT)/Developer/Library/Frameworks",
					"$(DEVELOPER_LIBRARY_DIR)/Frameworks",
				);
				GCC_PRECOMPILE_PREFIX_HEADER = YES;
				GCC_PREFIX_HEADER = "SisSis/SisSis-Prefix.pch";
				GCC_VERSION = com.apple.compilers.llvm.clang.1_0;
				INFOPLIST_FILE = "SisSisTests/SisSisTests-Info.plist";
				PRODUCT_NAME = "$(TARGET_NAME)";
				TEST_HOST = "$(BUNDLE_LOADER)";
				WRAPPER_EXTENSION = octest;
			};
			name = Release;
		};
/* End XCBuildConfiguration section */

/* Begin XCConfigurationList section */
		1181DF1014AB17F9001E7780 /* Build configuration list for PBXProject "SisSis" */ = {
			isa = XCConfigurationList;
			buildConfigurations = (
				1181DF4C14AB17FA001E7780 /* Debug */,
				1181DF4D14AB17FA001E7780 /* Release */,
			);
			defaultConfigurationIsVisible = 0;
			defaultConfigurationName = Release;
		};
		1181DF4E14AB17FA001E7780 /* Build configuration list for PBXNativeTarget "SisSis" */ = {
			isa = XCConfigurationList;
			buildConfigurations = (
				1181DF4F14AB17FA001E7780 /* Debug */,
				1181DF5014AB17FA001E7780 /* Release */,
			);
			defaultConfigurationIsVisible = 0;
			defaultConfigurationName = Release;
		};
		1181DF5114AB17FA001E7780 /* Build configuration list for PBXNativeTarget "SisSisTests" */ = {
			isa = XCConfigurationList;
			buildConfigurations = (
				1181DF5214AB17FA001E7780 /* Debug */,
				1181DF5314AB17FA001E7780 /* Release */,
			);
			defaultConfigurationIsVisible = 0;
			defaultConfigurationName = Release;
		};
/* End XCConfigurationList section */
	};
	rootObject = 1181DF0D14AB17F9001E7780 /* Project object */;
}
